
Microsoft Visual Studio Solution File, Format Version 12.00
# Visual Studio Version 16
VisualStudioVersion = 16.0.29025.244
MinimumVisualStudioVersion = 15.0.26124.0
Project("{9A19103F-16F7-4668-BE54-9A1E7A4F7556}") = "SME.SGP.Api", "src\SME.SGP.Api\SME.SGP.Api.csproj", "{A356BDD1-5209-4C54-B88D-A75302B8959A}"
EndProject
Project("{9A19103F-16F7-4668-BE54-9A1E7A4F7556}") = "SME.SGP.Aplicacao", "src\SME.SGP.Aplicacao\SME.SGP.Aplicacao.csproj", "{375E0AE1-1A22-4AB8-AE82-21275573999B}"
EndProject
Project("{9A19103F-16F7-4668-BE54-9A1E7A4F7556}") = "SME.SGP.Dados", "src\SME.SGP.Dados\SME.SGP.Dados.csproj", "{EA54E38F-F03A-4606-B8E2-8ACDCEC0583B}"
EndProject
Project("{9A19103F-16F7-4668-BE54-9A1E7A4F7556}") = "SME.SGP.Dominio", "src\SME.SGP.Dominio\SME.SGP.Dominio.csproj", "{9AC2106C-7467-4F8C-80D6-E3A3DF5D9BC3}"
EndProject
Project("{9A19103F-16F7-4668-BE54-9A1E7A4F7556}") = "SME.SGP.IoC", "src\SME.SGP.IoC\SME.SGP.IoC.csproj", "{4B6277ED-1F29-42C1-9AB0-D0D29B77D674}"
EndProject
Project("{2150E333-8FDC-42A3-9474-1A3956D46DE8}") = "src", "src", "{C6B5BC23-2D0A-47E3-8A96-DEA46F41821E}"
EndProject
Project("{2150E333-8FDC-42A3-9474-1A3956D46DE8}") = "teste", "teste", "{5D833EA3-9CC8-435B-8594-17BE8493DA9A}"
EndProject
Project("{9A19103F-16F7-4668-BE54-9A1E7A4F7556}") = "SME.SGP.Integracao.Teste", "teste\SME.SGP.Integracao.Teste\SME.SGP.Integracao.Teste.csproj", "{1B58EF22-6B53-4546-BD74-3C5219A574F1}"
EndProject
Project("{9A19103F-16F7-4668-BE54-9A1E7A4F7556}") = "SME.SGP.Dominio.Interfaces", "src\SME.SGP.Dominio.Interfaces\SME.SGP.Dominio.Interfaces.csproj", "{078DE56D-0BDA-4AC0-8722-0D6FFA5F8A36}"
EndProject
Project("{9A19103F-16F7-4668-BE54-9A1E7A4F7556}") = "SME.SGP.Aplicacao.Teste", "teste\SME.SGP.Aplicacao.Teste\SME.SGP.Aplicacao.Teste.csproj", "{028D1115-E688-4E18-938D-DAB534C5BFBF}"
EndProject
Project("{9A19103F-16F7-4668-BE54-9A1E7A4F7556}") = "SME.SGP.Dominio.Teste", "teste\SME.SGP.Dominio.Teste\SME.SGP.Dominio.Teste.csproj", "{FD180A55-14AC-42D0-8D43-55E7DF03E113}"
EndProject
Project("{9A19103F-16F7-4668-BE54-9A1E7A4F7556}") = "SME.SGP.Infra", "src\SME.SGP.Infra\SME.SGP.Infra.csproj", "{C9B619C5-0FD0-4F67-8D4F-F7DFD25A6C7D}"
EndProject
Project("{9A19103F-16F7-4668-BE54-9A1E7A4F7556}") = "SME.SGP.Dominio.Servicos", "src\SME.SGP.Dominio.Servicos\SME.SGP.Dominio.Servicos.csproj", "{99E42486-B706-4D30-8525-244BF2A6EFA5}"
EndProject
Project("{9A19103F-16F7-4668-BE54-9A1E7A4F7556}") = "SME.SGP.Dominio.Servicos.Teste", "src\SME.SGP.Dominio.Servicos.Teste\SME.SGP.Dominio.Servicos.Teste.csproj", "{3E400847-6110-4E4F-ABB7-F3001CD36F55}"
EndProject
Project("{2150E333-8FDC-42A3-9474-1A3956D46DE8}") = "Bibliotecas", "Bibliotecas", "{1146F24F-B029-408F-A257-EF418C424626}"
EndProject
Project("{9A19103F-16F7-4668-BE54-9A1E7A4F7556}") = "SME.Background.Core", "src\Bibliotecas\SME.Background.Core\SME.Background.Core.csproj", "{1E72D637-ACAD-40C0-8C6F-D122B2D9D45C}"
EndProject
Project("{9A19103F-16F7-4668-BE54-9A1E7A4F7556}") = "SME.SGP.Worker.Service", "src\SME.SGP.WorkerService\SME.SGP.Worker.Service.csproj", "{7399F69E-152E-4506-A42E-B25BA4409E18}"
EndProject
Project("{9A19103F-16F7-4668-BE54-9A1E7A4F7556}") = "SME.Background.Hangfire", "src\Bibliotecas\SME.Background.Hangfire\SME.Background.Hangfire.csproj", "{93844345-9C62-4EAF-A2C5-90B703FD3F3F}"
EndProject
Project("{9A19103F-16F7-4668-BE54-9A1E7A4F7556}") = "SME.SGP.Background", "src\Bibliotecas\SME.SGP.Background\SME.SGP.Background.csproj", "{84395D16-A142-4344-B483-15D23886B543}"
EndProject
Project("{2150E333-8FDC-42A3-9474-1A3956D46DE8}") = "scripts", "scripts", "{883E97E7-8CA9-4A45-AA2F-8B2858DF97BE}"
	ProjectSection(SolutionItems) = preProject
		scripts\V100__DROP_COLUNA_USUARIO_EMAIL.sql = scripts\V100__DROP_COLUNA_USUARIO_EMAIL.sql
		scripts\V101__PARAMETROS_COMPENSACAO.sql = scripts\V101__PARAMETROS_COMPENSACAO.sql
		scripts\V102__ATIVIDADE_AVALIATIVA_CJ.sql = scripts\V102__ATIVIDADE_AVALIATIVA_CJ.sql
		scripts\V104__FLAG_EXCLUIDO_WORKFLOW.sql = scripts\V104__FLAG_EXCLUIDO_WORKFLOW.sql
		scripts\V106__AULA_DOCENCIA_COMPARTILHADA.sql = scripts\V106__AULA_DOCENCIA_COMPARTILHADA.sql
		scripts\V10__WF_APROVACAO_NIVEL.sql = scripts\V10__WF_APROVACAO_NIVEL.sql
		scripts\V110__ALTERACAO_REGISTRO_POA.sql = scripts\V110__ALTERACAO_REGISTRO_POA.sql
		scripts\V112__ALTERACAO_ATIVIDADE_AVALIATIVA.sql = scripts\V112__ALTERACAO_ATIVIDADE_AVALIATIVA.sql
		scripts\V118__EXCLUSAO_ATRIBUICAO_SUPERVISOR.sql = scripts\V118__EXCLUSAO_ATRIBUICAO_SUPERVISOR.sql
		scripts\V11__WF_APROVACAO_NIVEIS_MENSAGEM.sql = scripts\V11__WF_APROVACAO_NIVEIS_MENSAGEM.sql
		scripts\V12__WF_APROVACAO_NIVEL_USUARIO.sql = scripts\V12__WF_APROVACAO_NIVEL_USUARIO.sql
		scripts\V136__PLANEJAMENTO_ANUAL_TERRITORIO.sql = scripts\V136__PLANEJAMENTO_ANUAL_TERRITORIO.sql
		scripts\V13__NOTIFICACAO_USUARIO_AJUSTE.sql = scripts\V13__NOTIFICACAO_USUARIO_AJUSTE.sql
		scripts\V14__PLANO_ANUAL_ADICIONAR_COMPONENTES.sql = scripts\V14__PLANO_ANUAL_ADICIONAR_COMPONENTES.sql
		scripts\V15__PRIORIDADE_PERFIL.sql = scripts\V15__PRIORIDADE_PERFIL.sql
		scripts\V16__USUARIO_AJUSTES.sql = scripts\V16__USUARIO_AJUSTES.sql
		scripts\V17__CONFIGURACAO_EMAIL.sql = scripts\V17__CONFIGURACAO_EMAIL.sql
		scripts\V18__PLANO_CICLO_AJUSTE.sql = scripts\V18__PLANO_CICLO_AJUSTE.sql
		scripts\V19__EMAIL_USUARIO.sql = scripts\V19__EMAIL_USUARIO.sql
		scripts\V1__AUDITORIA_CREATE.sql = scripts\V1__AUDITORIA_CREATE.sql
		scripts\V20__PLANO_CICLO_ANUAL_SUPERVISOR_COLUNAS_AJUSTE.sql = scripts\V20__PLANO_CICLO_ANUAL_SUPERVISOR_COLUNAS_AJUSTE.sql
		scripts\V21__PLANO_ANUAL_AJUSTE.sql = scripts\V21__PLANO_ANUAL_AJUSTE.sql
		scripts\V22__PLANO_ANUAL_DISCIPLINAS.sql = scripts\V22__PLANO_ANUAL_DISCIPLINAS.sql
		scripts\V23__CADASTRO_PERIODO_ESCOLAR.sql = scripts\V23__CADASTRO_PERIODO_ESCOLAR.sql
		scripts\V24__TIPO_CALENDARIO.sql = scripts\V24__TIPO_CALENDARIO.sql
		scripts\V25__FUNCOES_CRIA_SENAOEXISTIR_FK_CONSTRAINTS.sql = scripts\V25__FUNCOES_CRIA_SENAOEXISTIR_FK_CONSTRAINTS.sql
		scripts\V26__ABRANGENCIA.sql = scripts\V26__ABRANGENCIA.sql
		scripts\V27__ABRANGENCIA_VIEW.sql = scripts\V27__ABRANGENCIA_VIEW.sql
		scripts\V28__EVENTO_TIPO.sql = scripts\V28__EVENTO_TIPO.sql
		scripts\V29__FERIADO_CALENDARIO.sql = scripts\V29__FERIADO_CALENDARIO.sql
		scripts\V2__PLANO_CICLO_CREATE.sql = scripts\V2__PLANO_CICLO_CREATE.sql
		scripts\V30__PLANO_CICLO_ALTERACAO_ORDEM_COLUNA.sql = scripts\V30__PLANO_CICLO_ALTERACAO_ORDEM_COLUNA.sql
		scripts\V31__EVENTO.sql = scripts\V31__EVENTO.sql
		scripts\V32__EVENTO_COLUNA_EXCLUIDO.sql = scripts\V32__EVENTO_COLUNA_EXCLUIDO.sql
		scripts\V33__EVENTO_CAMPOS_OBRIGATORIOS.sql = scripts\V33__EVENTO_CAMPOS_OBRIGATORIOS.sql
		scripts\V34__ABRANGENCIA_AJUSTES.sql = scripts\V34__ABRANGENCIA_AJUSTES.sql
		scripts\V35__CALENDARIO_PROFESSOR_AULAS.sql = scripts\V35__CALENDARIO_PROFESSOR_AULAS.sql
		scripts\V36__EVENTO_TIPO_COL_CODIGO.sql = scripts\V36__EVENTO_TIPO_COL_CODIGO.sql
		scripts\V37__ID_EVENTO_PAI.sql = scripts\V37__ID_EVENTO_PAI.sql
		scripts\V38__ALTERACAO_NAS_TABELAS_CALENDARIO.sql = scripts\V38__ALTERACAO_NAS_TABELAS_CALENDARIO.sql
		scripts\V39__WORKFLOW_EVENTO.sql = scripts\V39__WORKFLOW_EVENTO.sql
		scripts\V3__TIPO_CICLO.sql = scripts\V3__TIPO_CICLO.sql
		scripts\V40__PARAMETROS_SISTEMA.sql = scripts\V40__PARAMETROS_SISTEMA.sql
		scripts\V41__PARAMETROS_DIAS_LETIVOS .sql = scripts\V41__PARAMETROS_DIAS_LETIVOS .sql
		scripts\V42__AJUSTE_VIEW_ABRANGENCIA.sql = scripts\V42__AJUSTE_VIEW_ABRANGENCIA.sql
		scripts\V43__GRADE_CREAT.sql = scripts\V43__GRADE_CREAT.sql
		scripts\V44__GRADE_CARGA.sql = scripts\V44__GRADE_CARGA.sql
		scripts\V45__AULA_AJUSTE_TIPO_CALENDARIO_ID.sql = scripts\V45__AULA_AJUSTE_TIPO_CALENDARIO_ID.sql
		scripts\V46__ABRANGENCIA_GRADE.sql = scripts\V46__ABRANGENCIA_GRADE.sql
		scripts\V47__FREQUENCIA.sql = scripts\V47__FREQUENCIA.sql
		scripts\V48__AJUSTE_VIEW_ABRANGENCIA-2.sql = scripts\V48__AJUSTE_VIEW_ABRANGENCIA-2.sql
		scripts\V49__AULA_RECORRENCIA.sql = scripts\V49__AULA_RECORRENCIA.sql
		scripts\V4__PLANO_ANUAL.sql = scripts\V4__PLANO_ANUAL.sql
		scripts\V50__AUDITORIA_FREQUENCIA.sql = scripts\V50__AUDITORIA_FREQUENCIA.sql
		scripts\V51__ATRIBUICAO_ESPORADICA.sql = scripts\V51__ATRIBUICAO_ESPORADICA.sql
		scripts\V52__PLANO_AULA_CREATE.sql = scripts\V52__PLANO_AULA_CREATE.sql
		scripts\V54__NOTIFICACAO_MENSAGEM.sql = scripts\V54__NOTIFICACAO_MENSAGEM.sql
		scripts\V55__AULA_ALTERAR_VINCULO_PROFESSOR.sql = scripts\V55__AULA_ALTERAR_VINCULO_PROFESSOR.sql
		scripts\V56__AJUSTE_PARAMETROS.sql = scripts\V56__AJUSTE_PARAMETROS.sql
		scripts\V57__EVENTO_TIPO_PERFIL.sql = scripts\V57__EVENTO_TIPO_PERFIL.sql
		scripts\V59__PERCENTUAL_FREQUENCIA.sql = scripts\V59__PERCENTUAL_FREQUENCIA.sql
		scripts\V5__SUPERVISOR_ESCOLA.sql = scripts\V5__SUPERVISOR_ESCOLA.sql
		scripts\V60__ATIVIDADE_AVALIATIVA_CREATE.sql = scripts\V60__ATIVIDADE_AVALIATIVA_CREATE.sql
		scripts\V61__AJUSTE_ATIVIDADE_AVALIATIVA.sql = scripts\V61__AJUSTE_ATIVIDADE_AVALIATIVA.sql
		scripts\V62__AJUSTE_ATIVIDADE_AVALIATIVA_REGENCIA.sql = scripts\V62__AJUSTE_ATIVIDADE_AVALIATIVA_REGENCIA.sql
		scripts\V63__ATRIBUICAO_CJ.sql = scripts\V63__ATRIBUICAO_CJ.sql
		scripts\V64__REMODELAGEM_ABRANGENCIA.sql = scripts\V64__REMODELAGEM_ABRANGENCIA.sql
		scripts\V65__REPLACE_VIEW_ABRANGENCIA.sql = scripts\V65__REPLACE_VIEW_ABRANGENCIA.sql
		scripts\V66__AULA_WORKFLOW_APROVACAO.sql = scripts\V66__AULA_WORKFLOW_APROVACAO.sql
		scripts\V67__AJUSTE_MODELAGEM_ABRANGENCIA.sql = scripts\V67__AJUSTE_MODELAGEM_ABRANGENCIA.sql
		scripts\V68__AJUSTE_MODELAGEM_PLANO_AULA.sql = scripts\V68__AJUSTE_MODELAGEM_PLANO_AULA.sql
		scripts\V69__AJUSTE_ATRIBUICAO_CJ.sql = scripts\V69__AJUSTE_ATRIBUICAO_CJ.sql
		scripts\V6__USUARIO.sql = scripts\V6__USUARIO.sql
		scripts\V70__AJUSTE_ATRIBUICAO_CJ_2.sql = scripts\V70__AJUSTE_ATRIBUICAO_CJ_2.sql
		scripts\V71__NOTIFICACAO_FREQUENCIA_CREATE.sql = scripts\V71__NOTIFICACAO_FREQUENCIA_CREATE.sql
		scripts\V72__AULA_CJ.sql = scripts\V72__AULA_CJ.sql
		scripts\V73__AJUSTE_ATIVIDADE_AVALIATIVA_2.sql = scripts\V73__AJUSTE_ATIVIDADE_AVALIATIVA_2.sql
		scripts\V74__ATIVIDADE_AVALIATIVA_REGENCIA.sql = scripts\V74__ATIVIDADE_AVALIATIVA_REGENCIA.sql
		scripts\V75__AJUSTE_USUARIO_DUPLICADO.sql = scripts\V75__AJUSTE_USUARIO_DUPLICADO.sql
		scripts\V76__AULA_PREVISTA.sql = scripts\V76__AULA_PREVISTA.sql
		scripts\V77__EVENTO_MATRICULA_CREATE.sql = scripts\V77__EVENTO_MATRICULA_CREATE.sql
		scripts\V78__PARAMETRO_NOTIFICACAO_AULA_PREVISTA.sql = scripts\V78__PARAMETRO_NOTIFICACAO_AULA_PREVISTA.sql
		scripts\V79__NOTIFICACAO_AULA_PREVISTA_CREATE.sql = scripts\V79__NOTIFICACAO_AULA_PREVISTA_CREATE.sql
		scripts\V7__FUNCTION_UNACCENT.sql = scripts\V7__FUNCTION_UNACCENT.sql
		scripts\V80__INSERT_TIPO_AVALIACAO.sql = scripts\V80__INSERT_TIPO_AVALIACAO.sql
		scripts\V81__AJUSTE_NOTA_CONCEITO.sql = scripts\V81__AJUSTE_NOTA_CONCEITO.sql
		scripts\V82__AJUSTE_INSERT_TIPO_AVALIACAO.sql = scripts\V82__AJUSTE_INSERT_TIPO_AVALIACAO.sql
		scripts\V83__AULA_PREVISTA_BIMESTRE.sql = scripts\V83__AULA_PREVISTA_BIMESTRE.sql
		scripts\V84__CRIACAO_COLUNAS_TURMA_HISTORICA.sql = scripts\V84__CRIACAO_COLUNAS_TURMA_HISTORICA.sql
		scripts\V85__CRIACAO_COLUNAS_FIM_VINCULO_ABRANGENCIA.sql = scripts\V85__CRIACAO_COLUNAS_FIM_VINCULO_ABRANGENCIA.sql
		scripts\V87__INDICES_TURMA.sql = scripts\V87__INDICES_TURMA.sql
		scripts\V89__AUSTE_ATIVIDADE_AVALIATIVA_MULTIDISCIPLINAR.sql = scripts\V89__AUSTE_ATIVIDADE_AVALIATIVA_MULTIDISCIPLINAR.sql
		scripts\V8__NOTIFICACAO.sql = scripts\V8__NOTIFICACAO.sql
		scripts\V90__AJUSTE_AULA_PREVISTA.sql = scripts\V90__AJUSTE_AULA_PREVISTA.sql
		scripts\V91__CRIACAO_VIEW_ABRANGENCIA_HISTORICA.sql = scripts\V91__CRIACAO_VIEW_ABRANGENCIA_HISTORICA.sql
		scripts\V93__EXCLUSAO_LOGIN_DUPLICADO_MAIS_CONTRAINT.sql = scripts\V93__EXCLUSAO_LOGIN_DUPLICADO_MAIS_CONTRAINT.sql
		scripts\V94__AJUSTE_LOGIN_CONTRAINT.sql = scripts\V94__AJUSTE_LOGIN_CONTRAINT.sql
		scripts\V95__UPDATE_VIGENCIA_NOTAS.sql = scripts\V95__UPDATE_VIGENCIA_NOTAS.sql
		scripts\V97__AJUSTE_EVENTOS_INDEXES.sql = scripts\V97__AJUSTE_EVENTOS_INDEXES.sql
		scripts\V98__AJUSTE_NOTAS_CONCEITOS_ADD_DISCIPLINA_ID.sql = scripts\V98__AJUSTE_NOTAS_CONCEITOS_ADD_DISCIPLINA_ID.sql
		scripts\V99_AJUSTE_USUARIOS_DUP1.sql = scripts\V99_AJUSTE_USUARIOS_DUP1.sql
		scripts\V9__WF_APROVACAO.sql = scripts\V9__WF_APROVACAO.sql
	EndProjectSection
EndProject
Global
	GlobalSection(SolutionConfigurationPlatforms) = preSolution
		Debug|Any CPU = Debug|Any CPU
		Debug|x64 = Debug|x64
		Debug|x86 = Debug|x86
		Release|Any CPU = Release|Any CPU
		Release|x64 = Release|x64
		Release|x86 = Release|x86
	EndGlobalSection
	GlobalSection(ProjectConfigurationPlatforms) = postSolution
		{A356BDD1-5209-4C54-B88D-A75302B8959A}.Debug|Any CPU.ActiveCfg = Debug|Any CPU
		{A356BDD1-5209-4C54-B88D-A75302B8959A}.Debug|Any CPU.Build.0 = Debug|Any CPU
		{A356BDD1-5209-4C54-B88D-A75302B8959A}.Debug|x64.ActiveCfg = Debug|Any CPU
		{A356BDD1-5209-4C54-B88D-A75302B8959A}.Debug|x64.Build.0 = Debug|Any CPU
		{A356BDD1-5209-4C54-B88D-A75302B8959A}.Debug|x86.ActiveCfg = Debug|Any CPU
		{A356BDD1-5209-4C54-B88D-A75302B8959A}.Debug|x86.Build.0 = Debug|Any CPU
		{A356BDD1-5209-4C54-B88D-A75302B8959A}.Release|Any CPU.ActiveCfg = Release|Any CPU
		{A356BDD1-5209-4C54-B88D-A75302B8959A}.Release|Any CPU.Build.0 = Release|Any CPU
		{A356BDD1-5209-4C54-B88D-A75302B8959A}.Release|x64.ActiveCfg = Release|Any CPU
		{A356BDD1-5209-4C54-B88D-A75302B8959A}.Release|x64.Build.0 = Release|Any CPU
		{A356BDD1-5209-4C54-B88D-A75302B8959A}.Release|x86.ActiveCfg = Release|Any CPU
		{A356BDD1-5209-4C54-B88D-A75302B8959A}.Release|x86.Build.0 = Release|Any CPU
		{375E0AE1-1A22-4AB8-AE82-21275573999B}.Debug|Any CPU.ActiveCfg = Debug|Any CPU
		{375E0AE1-1A22-4AB8-AE82-21275573999B}.Debug|Any CPU.Build.0 = Debug|Any CPU
		{375E0AE1-1A22-4AB8-AE82-21275573999B}.Debug|x64.ActiveCfg = Debug|Any CPU
		{375E0AE1-1A22-4AB8-AE82-21275573999B}.Debug|x64.Build.0 = Debug|Any CPU
		{375E0AE1-1A22-4AB8-AE82-21275573999B}.Debug|x86.ActiveCfg = Debug|Any CPU
		{375E0AE1-1A22-4AB8-AE82-21275573999B}.Debug|x86.Build.0 = Debug|Any CPU
		{375E0AE1-1A22-4AB8-AE82-21275573999B}.Release|Any CPU.ActiveCfg = Release|Any CPU
		{375E0AE1-1A22-4AB8-AE82-21275573999B}.Release|Any CPU.Build.0 = Release|Any CPU
		{375E0AE1-1A22-4AB8-AE82-21275573999B}.Release|x64.ActiveCfg = Release|Any CPU
		{375E0AE1-1A22-4AB8-AE82-21275573999B}.Release|x64.Build.0 = Release|Any CPU
		{375E0AE1-1A22-4AB8-AE82-21275573999B}.Release|x86.ActiveCfg = Release|Any CPU
		{375E0AE1-1A22-4AB8-AE82-21275573999B}.Release|x86.Build.0 = Release|Any CPU
		{EA54E38F-F03A-4606-B8E2-8ACDCEC0583B}.Debug|Any CPU.ActiveCfg = Debug|Any CPU
		{EA54E38F-F03A-4606-B8E2-8ACDCEC0583B}.Debug|Any CPU.Build.0 = Debug|Any CPU
		{EA54E38F-F03A-4606-B8E2-8ACDCEC0583B}.Debug|x64.ActiveCfg = Debug|Any CPU
		{EA54E38F-F03A-4606-B8E2-8ACDCEC0583B}.Debug|x64.Build.0 = Debug|Any CPU
		{EA54E38F-F03A-4606-B8E2-8ACDCEC0583B}.Debug|x86.ActiveCfg = Debug|Any CPU
		{EA54E38F-F03A-4606-B8E2-8ACDCEC0583B}.Debug|x86.Build.0 = Debug|Any CPU
		{EA54E38F-F03A-4606-B8E2-8ACDCEC0583B}.Release|Any CPU.ActiveCfg = Release|Any CPU
		{EA54E38F-F03A-4606-B8E2-8ACDCEC0583B}.Release|Any CPU.Build.0 = Release|Any CPU
		{EA54E38F-F03A-4606-B8E2-8ACDCEC0583B}.Release|x64.ActiveCfg = Release|Any CPU
		{EA54E38F-F03A-4606-B8E2-8ACDCEC0583B}.Release|x64.Build.0 = Release|Any CPU
		{EA54E38F-F03A-4606-B8E2-8ACDCEC0583B}.Release|x86.ActiveCfg = Release|Any CPU
		{EA54E38F-F03A-4606-B8E2-8ACDCEC0583B}.Release|x86.Build.0 = Release|Any CPU
		{9AC2106C-7467-4F8C-80D6-E3A3DF5D9BC3}.Debug|Any CPU.ActiveCfg = Debug|Any CPU
		{9AC2106C-7467-4F8C-80D6-E3A3DF5D9BC3}.Debug|Any CPU.Build.0 = Debug|Any CPU
		{9AC2106C-7467-4F8C-80D6-E3A3DF5D9BC3}.Debug|x64.ActiveCfg = Debug|Any CPU
		{9AC2106C-7467-4F8C-80D6-E3A3DF5D9BC3}.Debug|x64.Build.0 = Debug|Any CPU
		{9AC2106C-7467-4F8C-80D6-E3A3DF5D9BC3}.Debug|x86.ActiveCfg = Debug|Any CPU
		{9AC2106C-7467-4F8C-80D6-E3A3DF5D9BC3}.Debug|x86.Build.0 = Debug|Any CPU
		{9AC2106C-7467-4F8C-80D6-E3A3DF5D9BC3}.Release|Any CPU.ActiveCfg = Release|Any CPU
		{9AC2106C-7467-4F8C-80D6-E3A3DF5D9BC3}.Release|Any CPU.Build.0 = Release|Any CPU
		{9AC2106C-7467-4F8C-80D6-E3A3DF5D9BC3}.Release|x64.ActiveCfg = Release|Any CPU
		{9AC2106C-7467-4F8C-80D6-E3A3DF5D9BC3}.Release|x64.Build.0 = Release|Any CPU
		{9AC2106C-7467-4F8C-80D6-E3A3DF5D9BC3}.Release|x86.ActiveCfg = Release|Any CPU
		{9AC2106C-7467-4F8C-80D6-E3A3DF5D9BC3}.Release|x86.Build.0 = Release|Any CPU
		{4B6277ED-1F29-42C1-9AB0-D0D29B77D674}.Debug|Any CPU.ActiveCfg = Debug|Any CPU
		{4B6277ED-1F29-42C1-9AB0-D0D29B77D674}.Debug|Any CPU.Build.0 = Debug|Any CPU
		{4B6277ED-1F29-42C1-9AB0-D0D29B77D674}.Debug|x64.ActiveCfg = Debug|Any CPU
		{4B6277ED-1F29-42C1-9AB0-D0D29B77D674}.Debug|x64.Build.0 = Debug|Any CPU
		{4B6277ED-1F29-42C1-9AB0-D0D29B77D674}.Debug|x86.ActiveCfg = Debug|Any CPU
		{4B6277ED-1F29-42C1-9AB0-D0D29B77D674}.Debug|x86.Build.0 = Debug|Any CPU
		{4B6277ED-1F29-42C1-9AB0-D0D29B77D674}.Release|Any CPU.ActiveCfg = Release|Any CPU
		{4B6277ED-1F29-42C1-9AB0-D0D29B77D674}.Release|Any CPU.Build.0 = Release|Any CPU
		{4B6277ED-1F29-42C1-9AB0-D0D29B77D674}.Release|x64.ActiveCfg = Release|Any CPU
		{4B6277ED-1F29-42C1-9AB0-D0D29B77D674}.Release|x64.Build.0 = Release|Any CPU
		{4B6277ED-1F29-42C1-9AB0-D0D29B77D674}.Release|x86.ActiveCfg = Release|Any CPU
		{4B6277ED-1F29-42C1-9AB0-D0D29B77D674}.Release|x86.Build.0 = Release|Any CPU
		{1B58EF22-6B53-4546-BD74-3C5219A574F1}.Debug|Any CPU.ActiveCfg = Debug|Any CPU
		{1B58EF22-6B53-4546-BD74-3C5219A574F1}.Debug|Any CPU.Build.0 = Debug|Any CPU
		{1B58EF22-6B53-4546-BD74-3C5219A574F1}.Debug|x64.ActiveCfg = Debug|Any CPU
		{1B58EF22-6B53-4546-BD74-3C5219A574F1}.Debug|x64.Build.0 = Debug|Any CPU
		{1B58EF22-6B53-4546-BD74-3C5219A574F1}.Debug|x86.ActiveCfg = Debug|Any CPU
		{1B58EF22-6B53-4546-BD74-3C5219A574F1}.Debug|x86.Build.0 = Debug|Any CPU
		{1B58EF22-6B53-4546-BD74-3C5219A574F1}.Release|Any CPU.ActiveCfg = Release|Any CPU
		{1B58EF22-6B53-4546-BD74-3C5219A574F1}.Release|Any CPU.Build.0 = Release|Any CPU
		{1B58EF22-6B53-4546-BD74-3C5219A574F1}.Release|x64.ActiveCfg = Release|Any CPU
		{1B58EF22-6B53-4546-BD74-3C5219A574F1}.Release|x64.Build.0 = Release|Any CPU
		{1B58EF22-6B53-4546-BD74-3C5219A574F1}.Release|x86.ActiveCfg = Release|Any CPU
		{1B58EF22-6B53-4546-BD74-3C5219A574F1}.Release|x86.Build.0 = Release|Any CPU
		{078DE56D-0BDA-4AC0-8722-0D6FFA5F8A36}.Debug|Any CPU.ActiveCfg = Debug|Any CPU
		{078DE56D-0BDA-4AC0-8722-0D6FFA5F8A36}.Debug|Any CPU.Build.0 = Debug|Any CPU
		{078DE56D-0BDA-4AC0-8722-0D6FFA5F8A36}.Debug|x64.ActiveCfg = Debug|Any CPU
		{078DE56D-0BDA-4AC0-8722-0D6FFA5F8A36}.Debug|x64.Build.0 = Debug|Any CPU
		{078DE56D-0BDA-4AC0-8722-0D6FFA5F8A36}.Debug|x86.ActiveCfg = Debug|Any CPU
		{078DE56D-0BDA-4AC0-8722-0D6FFA5F8A36}.Debug|x86.Build.0 = Debug|Any CPU
		{078DE56D-0BDA-4AC0-8722-0D6FFA5F8A36}.Release|Any CPU.ActiveCfg = Release|Any CPU
		{078DE56D-0BDA-4AC0-8722-0D6FFA5F8A36}.Release|Any CPU.Build.0 = Release|Any CPU
		{078DE56D-0BDA-4AC0-8722-0D6FFA5F8A36}.Release|x64.ActiveCfg = Release|Any CPU
		{078DE56D-0BDA-4AC0-8722-0D6FFA5F8A36}.Release|x64.Build.0 = Release|Any CPU
		{078DE56D-0BDA-4AC0-8722-0D6FFA5F8A36}.Release|x86.ActiveCfg = Release|Any CPU
		{078DE56D-0BDA-4AC0-8722-0D6FFA5F8A36}.Release|x86.Build.0 = Release|Any CPU
		{028D1115-E688-4E18-938D-DAB534C5BFBF}.Debug|Any CPU.ActiveCfg = Debug|Any CPU
		{028D1115-E688-4E18-938D-DAB534C5BFBF}.Debug|Any CPU.Build.0 = Debug|Any CPU
		{028D1115-E688-4E18-938D-DAB534C5BFBF}.Debug|x64.ActiveCfg = Debug|Any CPU
		{028D1115-E688-4E18-938D-DAB534C5BFBF}.Debug|x64.Build.0 = Debug|Any CPU
		{028D1115-E688-4E18-938D-DAB534C5BFBF}.Debug|x86.ActiveCfg = Debug|Any CPU
		{028D1115-E688-4E18-938D-DAB534C5BFBF}.Debug|x86.Build.0 = Debug|Any CPU
		{028D1115-E688-4E18-938D-DAB534C5BFBF}.Release|Any CPU.ActiveCfg = Release|Any CPU
		{028D1115-E688-4E18-938D-DAB534C5BFBF}.Release|Any CPU.Build.0 = Release|Any CPU
		{028D1115-E688-4E18-938D-DAB534C5BFBF}.Release|x64.ActiveCfg = Release|Any CPU
		{028D1115-E688-4E18-938D-DAB534C5BFBF}.Release|x64.Build.0 = Release|Any CPU
		{028D1115-E688-4E18-938D-DAB534C5BFBF}.Release|x86.ActiveCfg = Release|Any CPU
		{028D1115-E688-4E18-938D-DAB534C5BFBF}.Release|x86.Build.0 = Release|Any CPU
		{FD180A55-14AC-42D0-8D43-55E7DF03E113}.Debug|Any CPU.ActiveCfg = Debug|Any CPU
		{FD180A55-14AC-42D0-8D43-55E7DF03E113}.Debug|Any CPU.Build.0 = Debug|Any CPU
		{FD180A55-14AC-42D0-8D43-55E7DF03E113}.Debug|x64.ActiveCfg = Debug|Any CPU
		{FD180A55-14AC-42D0-8D43-55E7DF03E113}.Debug|x64.Build.0 = Debug|Any CPU
		{FD180A55-14AC-42D0-8D43-55E7DF03E113}.Debug|x86.ActiveCfg = Debug|Any CPU
		{FD180A55-14AC-42D0-8D43-55E7DF03E113}.Debug|x86.Build.0 = Debug|Any CPU
		{FD180A55-14AC-42D0-8D43-55E7DF03E113}.Release|Any CPU.ActiveCfg = Release|Any CPU
		{FD180A55-14AC-42D0-8D43-55E7DF03E113}.Release|Any CPU.Build.0 = Release|Any CPU
		{FD180A55-14AC-42D0-8D43-55E7DF03E113}.Release|x64.ActiveCfg = Release|Any CPU
		{FD180A55-14AC-42D0-8D43-55E7DF03E113}.Release|x64.Build.0 = Release|Any CPU
		{FD180A55-14AC-42D0-8D43-55E7DF03E113}.Release|x86.ActiveCfg = Release|Any CPU
		{FD180A55-14AC-42D0-8D43-55E7DF03E113}.Release|x86.Build.0 = Release|Any CPU
		{C9B619C5-0FD0-4F67-8D4F-F7DFD25A6C7D}.Debug|Any CPU.ActiveCfg = Debug|Any CPU
		{C9B619C5-0FD0-4F67-8D4F-F7DFD25A6C7D}.Debug|Any CPU.Build.0 = Debug|Any CPU
		{C9B619C5-0FD0-4F67-8D4F-F7DFD25A6C7D}.Debug|x64.ActiveCfg = Debug|Any CPU
		{C9B619C5-0FD0-4F67-8D4F-F7DFD25A6C7D}.Debug|x64.Build.0 = Debug|Any CPU
		{C9B619C5-0FD0-4F67-8D4F-F7DFD25A6C7D}.Debug|x86.ActiveCfg = Debug|Any CPU
		{C9B619C5-0FD0-4F67-8D4F-F7DFD25A6C7D}.Debug|x86.Build.0 = Debug|Any CPU
		{C9B619C5-0FD0-4F67-8D4F-F7DFD25A6C7D}.Release|Any CPU.ActiveCfg = Release|Any CPU
		{C9B619C5-0FD0-4F67-8D4F-F7DFD25A6C7D}.Release|Any CPU.Build.0 = Release|Any CPU
		{C9B619C5-0FD0-4F67-8D4F-F7DFD25A6C7D}.Release|x64.ActiveCfg = Release|Any CPU
		{C9B619C5-0FD0-4F67-8D4F-F7DFD25A6C7D}.Release|x64.Build.0 = Release|Any CPU
		{C9B619C5-0FD0-4F67-8D4F-F7DFD25A6C7D}.Release|x86.ActiveCfg = Release|Any CPU
		{C9B619C5-0FD0-4F67-8D4F-F7DFD25A6C7D}.Release|x86.Build.0 = Release|Any CPU
		{99E42486-B706-4D30-8525-244BF2A6EFA5}.Debug|Any CPU.ActiveCfg = Debug|Any CPU
		{99E42486-B706-4D30-8525-244BF2A6EFA5}.Debug|Any CPU.Build.0 = Debug|Any CPU
		{99E42486-B706-4D30-8525-244BF2A6EFA5}.Debug|x64.ActiveCfg = Debug|Any CPU
		{99E42486-B706-4D30-8525-244BF2A6EFA5}.Debug|x64.Build.0 = Debug|Any CPU
		{99E42486-B706-4D30-8525-244BF2A6EFA5}.Debug|x86.ActiveCfg = Debug|Any CPU
		{99E42486-B706-4D30-8525-244BF2A6EFA5}.Debug|x86.Build.0 = Debug|Any CPU
		{99E42486-B706-4D30-8525-244BF2A6EFA5}.Release|Any CPU.ActiveCfg = Release|Any CPU
		{99E42486-B706-4D30-8525-244BF2A6EFA5}.Release|Any CPU.Build.0 = Release|Any CPU
		{99E42486-B706-4D30-8525-244BF2A6EFA5}.Release|x64.ActiveCfg = Release|Any CPU
		{99E42486-B706-4D30-8525-244BF2A6EFA5}.Release|x64.Build.0 = Release|Any CPU
		{99E42486-B706-4D30-8525-244BF2A6EFA5}.Release|x86.ActiveCfg = Release|Any CPU
		{99E42486-B706-4D30-8525-244BF2A6EFA5}.Release|x86.Build.0 = Release|Any CPU
		{3E400847-6110-4E4F-ABB7-F3001CD36F55}.Debug|Any CPU.ActiveCfg = Debug|Any CPU
		{3E400847-6110-4E4F-ABB7-F3001CD36F55}.Debug|Any CPU.Build.0 = Debug|Any CPU
		{3E400847-6110-4E4F-ABB7-F3001CD36F55}.Debug|x64.ActiveCfg = Debug|Any CPU
		{3E400847-6110-4E4F-ABB7-F3001CD36F55}.Debug|x64.Build.0 = Debug|Any CPU
		{3E400847-6110-4E4F-ABB7-F3001CD36F55}.Debug|x86.ActiveCfg = Debug|Any CPU
		{3E400847-6110-4E4F-ABB7-F3001CD36F55}.Debug|x86.Build.0 = Debug|Any CPU
		{3E400847-6110-4E4F-ABB7-F3001CD36F55}.Release|Any CPU.ActiveCfg = Release|Any CPU
		{3E400847-6110-4E4F-ABB7-F3001CD36F55}.Release|Any CPU.Build.0 = Release|Any CPU
		{3E400847-6110-4E4F-ABB7-F3001CD36F55}.Release|x64.ActiveCfg = Release|Any CPU
		{3E400847-6110-4E4F-ABB7-F3001CD36F55}.Release|x64.Build.0 = Release|Any CPU
		{3E400847-6110-4E4F-ABB7-F3001CD36F55}.Release|x86.ActiveCfg = Release|Any CPU
		{3E400847-6110-4E4F-ABB7-F3001CD36F55}.Release|x86.Build.0 = Release|Any CPU
		{1E72D637-ACAD-40C0-8C6F-D122B2D9D45C}.Debug|Any CPU.ActiveCfg = Debug|Any CPU
		{1E72D637-ACAD-40C0-8C6F-D122B2D9D45C}.Debug|Any CPU.Build.0 = Debug|Any CPU
		{1E72D637-ACAD-40C0-8C6F-D122B2D9D45C}.Debug|x64.ActiveCfg = Debug|Any CPU
		{1E72D637-ACAD-40C0-8C6F-D122B2D9D45C}.Debug|x64.Build.0 = Debug|Any CPU
		{1E72D637-ACAD-40C0-8C6F-D122B2D9D45C}.Debug|x86.ActiveCfg = Debug|Any CPU
		{1E72D637-ACAD-40C0-8C6F-D122B2D9D45C}.Debug|x86.Build.0 = Debug|Any CPU
		{1E72D637-ACAD-40C0-8C6F-D122B2D9D45C}.Release|Any CPU.ActiveCfg = Release|Any CPU
		{1E72D637-ACAD-40C0-8C6F-D122B2D9D45C}.Release|Any CPU.Build.0 = Release|Any CPU
		{1E72D637-ACAD-40C0-8C6F-D122B2D9D45C}.Release|x64.ActiveCfg = Release|Any CPU
		{1E72D637-ACAD-40C0-8C6F-D122B2D9D45C}.Release|x64.Build.0 = Release|Any CPU
		{1E72D637-ACAD-40C0-8C6F-D122B2D9D45C}.Release|x86.ActiveCfg = Release|Any CPU
		{1E72D637-ACAD-40C0-8C6F-D122B2D9D45C}.Release|x86.Build.0 = Release|Any CPU
		{7399F69E-152E-4506-A42E-B25BA4409E18}.Debug|Any CPU.ActiveCfg = Debug|Any CPU
		{7399F69E-152E-4506-A42E-B25BA4409E18}.Debug|Any CPU.Build.0 = Debug|Any CPU
		{7399F69E-152E-4506-A42E-B25BA4409E18}.Debug|x64.ActiveCfg = Debug|Any CPU
		{7399F69E-152E-4506-A42E-B25BA4409E18}.Debug|x64.Build.0 = Debug|Any CPU
		{7399F69E-152E-4506-A42E-B25BA4409E18}.Debug|x86.ActiveCfg = Debug|Any CPU
		{7399F69E-152E-4506-A42E-B25BA4409E18}.Debug|x86.Build.0 = Debug|Any CPU
		{7399F69E-152E-4506-A42E-B25BA4409E18}.Release|Any CPU.ActiveCfg = Release|Any CPU
		{7399F69E-152E-4506-A42E-B25BA4409E18}.Release|Any CPU.Build.0 = Release|Any CPU
		{7399F69E-152E-4506-A42E-B25BA4409E18}.Release|x64.ActiveCfg = Release|Any CPU
		{7399F69E-152E-4506-A42E-B25BA4409E18}.Release|x64.Build.0 = Release|Any CPU
		{7399F69E-152E-4506-A42E-B25BA4409E18}.Release|x86.ActiveCfg = Release|Any CPU
		{7399F69E-152E-4506-A42E-B25BA4409E18}.Release|x86.Build.0 = Release|Any CPU
		{93844345-9C62-4EAF-A2C5-90B703FD3F3F}.Debug|Any CPU.ActiveCfg = Debug|Any CPU
		{93844345-9C62-4EAF-A2C5-90B703FD3F3F}.Debug|Any CPU.Build.0 = Debug|Any CPU
		{93844345-9C62-4EAF-A2C5-90B703FD3F3F}.Debug|x64.ActiveCfg = Debug|Any CPU
		{93844345-9C62-4EAF-A2C5-90B703FD3F3F}.Debug|x64.Build.0 = Debug|Any CPU
		{93844345-9C62-4EAF-A2C5-90B703FD3F3F}.Debug|x86.ActiveCfg = Debug|Any CPU
		{93844345-9C62-4EAF-A2C5-90B703FD3F3F}.Debug|x86.Build.0 = Debug|Any CPU
		{93844345-9C62-4EAF-A2C5-90B703FD3F3F}.Release|Any CPU.ActiveCfg = Release|Any CPU
		{93844345-9C62-4EAF-A2C5-90B703FD3F3F}.Release|Any CPU.Build.0 = Release|Any CPU
		{93844345-9C62-4EAF-A2C5-90B703FD3F3F}.Release|x64.ActiveCfg = Release|Any CPU
		{93844345-9C62-4EAF-A2C5-90B703FD3F3F}.Release|x64.Build.0 = Release|Any CPU
		{93844345-9C62-4EAF-A2C5-90B703FD3F3F}.Release|x86.ActiveCfg = Release|Any CPU
		{93844345-9C62-4EAF-A2C5-90B703FD3F3F}.Release|x86.Build.0 = Release|Any CPU
		{84395D16-A142-4344-B483-15D23886B543}.Debug|Any CPU.ActiveCfg = Debug|Any CPU
		{84395D16-A142-4344-B483-15D23886B543}.Debug|Any CPU.Build.0 = Debug|Any CPU
		{84395D16-A142-4344-B483-15D23886B543}.Debug|x64.ActiveCfg = Debug|Any CPU
		{84395D16-A142-4344-B483-15D23886B543}.Debug|x64.Build.0 = Debug|Any CPU
		{84395D16-A142-4344-B483-15D23886B543}.Debug|x86.ActiveCfg = Debug|Any CPU
		{84395D16-A142-4344-B483-15D23886B543}.Debug|x86.Build.0 = Debug|Any CPU
		{84395D16-A142-4344-B483-15D23886B543}.Release|Any CPU.ActiveCfg = Release|Any CPU
		{84395D16-A142-4344-B483-15D23886B543}.Release|Any CPU.Build.0 = Release|Any CPU
		{84395D16-A142-4344-B483-15D23886B543}.Release|x64.ActiveCfg = Release|Any CPU
		{84395D16-A142-4344-B483-15D23886B543}.Release|x64.Build.0 = Release|Any CPU
		{84395D16-A142-4344-B483-15D23886B543}.Release|x86.ActiveCfg = Release|Any CPU
		{84395D16-A142-4344-B483-15D23886B543}.Release|x86.Build.0 = Release|Any CPU
	EndGlobalSection
	GlobalSection(SolutionProperties) = preSolution
		HideSolutionNode = FALSE
	EndGlobalSection
	GlobalSection(NestedProjects) = preSolution
		{A356BDD1-5209-4C54-B88D-A75302B8959A} = {C6B5BC23-2D0A-47E3-8A96-DEA46F41821E}
		{375E0AE1-1A22-4AB8-AE82-21275573999B} = {C6B5BC23-2D0A-47E3-8A96-DEA46F41821E}
		{EA54E38F-F03A-4606-B8E2-8ACDCEC0583B} = {C6B5BC23-2D0A-47E3-8A96-DEA46F41821E}
		{9AC2106C-7467-4F8C-80D6-E3A3DF5D9BC3} = {C6B5BC23-2D0A-47E3-8A96-DEA46F41821E}
		{4B6277ED-1F29-42C1-9AB0-D0D29B77D674} = {C6B5BC23-2D0A-47E3-8A96-DEA46F41821E}
		{1B58EF22-6B53-4546-BD74-3C5219A574F1} = {5D833EA3-9CC8-435B-8594-17BE8493DA9A}
		{078DE56D-0BDA-4AC0-8722-0D6FFA5F8A36} = {C6B5BC23-2D0A-47E3-8A96-DEA46F41821E}
		{028D1115-E688-4E18-938D-DAB534C5BFBF} = {5D833EA3-9CC8-435B-8594-17BE8493DA9A}
		{FD180A55-14AC-42D0-8D43-55E7DF03E113} = {5D833EA3-9CC8-435B-8594-17BE8493DA9A}
		{C9B619C5-0FD0-4F67-8D4F-F7DFD25A6C7D} = {C6B5BC23-2D0A-47E3-8A96-DEA46F41821E}
		{99E42486-B706-4D30-8525-244BF2A6EFA5} = {C6B5BC23-2D0A-47E3-8A96-DEA46F41821E}
		{3E400847-6110-4E4F-ABB7-F3001CD36F55} = {5D833EA3-9CC8-435B-8594-17BE8493DA9A}
		{1146F24F-B029-408F-A257-EF418C424626} = {C6B5BC23-2D0A-47E3-8A96-DEA46F41821E}
		{1E72D637-ACAD-40C0-8C6F-D122B2D9D45C} = {1146F24F-B029-408F-A257-EF418C424626}
		{7399F69E-152E-4506-A42E-B25BA4409E18} = {C6B5BC23-2D0A-47E3-8A96-DEA46F41821E}
		{93844345-9C62-4EAF-A2C5-90B703FD3F3F} = {1146F24F-B029-408F-A257-EF418C424626}
		{84395D16-A142-4344-B483-15D23886B543} = {1146F24F-B029-408F-A257-EF418C424626}
	EndGlobalSection
	GlobalSection(ExtensibilityGlobals) = postSolution
		SolutionGuid = {6CF7899C-C159-466C-A5E3-27BC369D0D41}
	EndGlobalSection
EndGlobal
