
Microsoft Visual Studio Solution File, Format Version 12.00
# Visual Studio Version 16
VisualStudioVersion = 16.0.29025.244
MinimumVisualStudioVersion = 15.0.26124.0
Project("{9A19103F-16F7-4668-BE54-9A1E7A4F7556}") = "SME.SGP.Api", "src\SME.SGP.Api\SME.SGP.Api.csproj", "{A356BDD1-5209-4C54-B88D-A75302B8959A}"
EndProject
Project("{9A19103F-16F7-4668-BE54-9A1E7A4F7556}") = "SME.SGP.Aplicacao", "src\SME.SGP.Aplicacao\SME.SGP.Aplicacao.csproj", "{375E0AE1-1A22-4AB8-AE82-21275573999B}"
EndProject
Project("{9A19103F-16F7-4668-BE54-9A1E7A4F7556}") = "SME.SGP.Dados", "src\SME.SGP.Dados\SME.SGP.Dados.csproj", "{EA54E38F-F03A-4606-B8E2-8ACDCEC0583B}"
EndProject
Project("{9A19103F-16F7-4668-BE54-9A1E7A4F7556}") = "SME.SGP.Dominio", "src\SME.SGP.Dominio\SME.SGP.Dominio.csproj", "{9AC2106C-7467-4F8C-80D6-E3A3DF5D9BC3}"
EndProject
Project("{9A19103F-16F7-4668-BE54-9A1E7A4F7556}") = "SME.SGP.Dto", "src\SME.SGP.Dto\SME.SGP.Dto.csproj", "{A5F9323D-EEBE-483A-95A3-1E4EAB3F61EA}"
EndProject
Project("{9A19103F-16F7-4668-BE54-9A1E7A4F7556}") = "SME.SGP.IoC", "src\SME.SGP.IoC\SME.SGP.IoC.csproj", "{4B6277ED-1F29-42C1-9AB0-D0D29B77D674}"
EndProject
Project("{2150E333-8FDC-42A3-9474-1A3956D46DE8}") = "src", "src", "{C6B5BC23-2D0A-47E3-8A96-DEA46F41821E}"
EndProject
Project("{2150E333-8FDC-42A3-9474-1A3956D46DE8}") = "teste", "teste", "{5D833EA3-9CC8-435B-8594-17BE8493DA9A}"
EndProject
Project("{9A19103F-16F7-4668-BE54-9A1E7A4F7556}") = "SME.SGP.Integracao.Teste", "teste\SME.SGP.Integracao.Teste\SME.SGP.Integracao.Teste.csproj", "{1B58EF22-6B53-4546-BD74-3C5219A574F1}"
EndProject
Project("{9A19103F-16F7-4668-BE54-9A1E7A4F7556}") = "SME.SGP.Dominio.Interfaces", "src\SME.SGP.Dominio.Interfaces\SME.SGP.Dominio.Interfaces.csproj", "{078DE56D-0BDA-4AC0-8722-0D6FFA5F8A36}"
EndProject
Project("{2150E333-8FDC-42A3-9474-1A3956D46DE8}") = "scripts", "scripts", "{CF91820B-323A-410F-B469-FF8E966B3D41}"
	ProjectSection(SolutionItems) = preProject
		scripts\V10__WF_APROVACAO_NIVEL.sql = scripts\V10__WF_APROVACAO_NIVEL.sql
		scripts\V11__WF_APROVACAO_NIVEIS_MENSAGEM.sql = scripts\V11__WF_APROVACAO_NIVEIS_MENSAGEM.sql
		scripts\V12__WF_APROVACAO_NIVEL_USUARIO.sql = scripts\V12__WF_APROVACAO_NIVEL_USUARIO.sql
		scripts\V13__NOTIFICACAO_USUARIO_AJUSTE.sql = scripts\V13__NOTIFICACAO_USUARIO_AJUSTE.sql
		scripts\V14__PLANO_ANUAL_ADICIONAR_COMPONENTES.sql = scripts\V14__PLANO_ANUAL_ADICIONAR_COMPONENTES.sql
		scripts\V15__PRIORIDADE_PERFIL.sql = scripts\V15__PRIORIDADE_PERFIL.sql
		scripts\V16__USUARIO_AJUSTES.sql = scripts\V16__USUARIO_AJUSTES.sql
		scripts\V17__CONFIGURACAO_EMAIL.sql = scripts\V17__CONFIGURACAO_EMAIL.sql
		scripts\V18__PLANO_CICLO_AJUSTE.sql = scripts\V18__PLANO_CICLO_AJUSTE.sql
		scripts\V19__EMAIL_USUARIO.sql = scripts\V19__EMAIL_USUARIO.sql
		scripts\V1__AUDITORIA_CREATE.sql = scripts\V1__AUDITORIA_CREATE.sql
		scripts\V21__PLANO_ANUAL_AJUSTE.sql = scripts\V21__PLANO_ANUAL_AJUSTE.sql
		scripts\V22__PLANO_ANUAL_DISCIPLINAS.sql = scripts\V22__PLANO_ANUAL_DISCIPLINAS.sql
		scripts\V2__PLANO_CICLO_CREATE.sql = scripts\V2__PLANO_CICLO_CREATE.sql
		scripts\V3__TIPO_CICLO.sql = scripts\V3__TIPO_CICLO.sql
		scripts\V4__PLANO_ANUAL.sql = scripts\V4__PLANO_ANUAL.sql
		scripts\V5__SUPERVISOR_ESCOLA.sql = scripts\V5__SUPERVISOR_ESCOLA.sql
		scripts\V6__USUARIO.sql = scripts\V6__USUARIO.sql
		scripts\V7__FUNCTION_UNACCENT.sql = scripts\V7__FUNCTION_UNACCENT.sql
		scripts\V8__NOTIFICACAO.sql = scripts\V8__NOTIFICACAO.sql
		scripts\V9__WF_APROVACAO.sql = scripts\V9__WF_APROVACAO.sql
	EndProjectSection
EndProject
Project("{9A19103F-16F7-4668-BE54-9A1E7A4F7556}") = "SME.SGP.Aplicacao.Teste", "teste\SME.SGP.Aplicacao.Teste\SME.SGP.Aplicacao.Teste.csproj", "{028D1115-E688-4E18-938D-DAB534C5BFBF}"
EndProject
Project("{9A19103F-16F7-4668-BE54-9A1E7A4F7556}") = "SME.SGP.Dominio.Teste", "teste\SME.SGP.Dominio.Teste\SME.SGP.Dominio.Teste.csproj", "{FD180A55-14AC-42D0-8D43-55E7DF03E113}"
EndProject
Project("{9A19103F-16F7-4668-BE54-9A1E7A4F7556}") = "SME.SGP.Dominio.Servicos", "SME.SGP.Dominio.Servicos\SME.SGP.Dominio.Servicos.csproj", "{A051908A-A32C-437D-9E8F-57A2A6048689}"
EndProject
Project("{9A19103F-16F7-4668-BE54-9A1E7A4F7556}") = "SME.SGP.Dominio.Servicos.Teste", "SME.SGP.Dominio.Servicos.Teste\SME.SGP.Dominio.Servicos.Teste.csproj", "{F0648D67-A705-4B45-AF23-47FCFDE552F4}"
EndProject
Global
	GlobalSection(SolutionConfigurationPlatforms) = preSolution
		Debug|Any CPU = Debug|Any CPU
		Debug|x64 = Debug|x64
		Debug|x86 = Debug|x86
		Release|Any CPU = Release|Any CPU
		Release|x64 = Release|x64
		Release|x86 = Release|x86
	EndGlobalSection
	GlobalSection(ProjectConfigurationPlatforms) = postSolution
		{A356BDD1-5209-4C54-B88D-A75302B8959A}.Debug|Any CPU.ActiveCfg = Debug|Any CPU
		{A356BDD1-5209-4C54-B88D-A75302B8959A}.Debug|Any CPU.Build.0 = Debug|Any CPU
		{A356BDD1-5209-4C54-B88D-A75302B8959A}.Debug|x64.ActiveCfg = Debug|Any CPU
		{A356BDD1-5209-4C54-B88D-A75302B8959A}.Debug|x64.Build.0 = Debug|Any CPU
		{A356BDD1-5209-4C54-B88D-A75302B8959A}.Debug|x86.ActiveCfg = Debug|Any CPU
		{A356BDD1-5209-4C54-B88D-A75302B8959A}.Debug|x86.Build.0 = Debug|Any CPU
		{A356BDD1-5209-4C54-B88D-A75302B8959A}.Release|Any CPU.ActiveCfg = Release|Any CPU
		{A356BDD1-5209-4C54-B88D-A75302B8959A}.Release|Any CPU.Build.0 = Release|Any CPU
		{A356BDD1-5209-4C54-B88D-A75302B8959A}.Release|x64.ActiveCfg = Release|Any CPU
		{A356BDD1-5209-4C54-B88D-A75302B8959A}.Release|x64.Build.0 = Release|Any CPU
		{A356BDD1-5209-4C54-B88D-A75302B8959A}.Release|x86.ActiveCfg = Release|Any CPU
		{A356BDD1-5209-4C54-B88D-A75302B8959A}.Release|x86.Build.0 = Release|Any CPU
		{375E0AE1-1A22-4AB8-AE82-21275573999B}.Debug|Any CPU.ActiveCfg = Debug|Any CPU
		{375E0AE1-1A22-4AB8-AE82-21275573999B}.Debug|Any CPU.Build.0 = Debug|Any CPU
		{375E0AE1-1A22-4AB8-AE82-21275573999B}.Debug|x64.ActiveCfg = Debug|Any CPU
		{375E0AE1-1A22-4AB8-AE82-21275573999B}.Debug|x64.Build.0 = Debug|Any CPU
		{375E0AE1-1A22-4AB8-AE82-21275573999B}.Debug|x86.ActiveCfg = Debug|Any CPU
		{375E0AE1-1A22-4AB8-AE82-21275573999B}.Debug|x86.Build.0 = Debug|Any CPU
		{375E0AE1-1A22-4AB8-AE82-21275573999B}.Release|Any CPU.ActiveCfg = Release|Any CPU
		{375E0AE1-1A22-4AB8-AE82-21275573999B}.Release|Any CPU.Build.0 = Release|Any CPU
		{375E0AE1-1A22-4AB8-AE82-21275573999B}.Release|x64.ActiveCfg = Release|Any CPU
		{375E0AE1-1A22-4AB8-AE82-21275573999B}.Release|x64.Build.0 = Release|Any CPU
		{375E0AE1-1A22-4AB8-AE82-21275573999B}.Release|x86.ActiveCfg = Release|Any CPU
		{375E0AE1-1A22-4AB8-AE82-21275573999B}.Release|x86.Build.0 = Release|Any CPU
		{EA54E38F-F03A-4606-B8E2-8ACDCEC0583B}.Debug|Any CPU.ActiveCfg = Debug|Any CPU
		{EA54E38F-F03A-4606-B8E2-8ACDCEC0583B}.Debug|Any CPU.Build.0 = Debug|Any CPU
		{EA54E38F-F03A-4606-B8E2-8ACDCEC0583B}.Debug|x64.ActiveCfg = Debug|Any CPU
		{EA54E38F-F03A-4606-B8E2-8ACDCEC0583B}.Debug|x64.Build.0 = Debug|Any CPU
		{EA54E38F-F03A-4606-B8E2-8ACDCEC0583B}.Debug|x86.ActiveCfg = Debug|Any CPU
		{EA54E38F-F03A-4606-B8E2-8ACDCEC0583B}.Debug|x86.Build.0 = Debug|Any CPU
		{EA54E38F-F03A-4606-B8E2-8ACDCEC0583B}.Release|Any CPU.ActiveCfg = Release|Any CPU
		{EA54E38F-F03A-4606-B8E2-8ACDCEC0583B}.Release|Any CPU.Build.0 = Release|Any CPU
		{EA54E38F-F03A-4606-B8E2-8ACDCEC0583B}.Release|x64.ActiveCfg = Release|Any CPU
		{EA54E38F-F03A-4606-B8E2-8ACDCEC0583B}.Release|x64.Build.0 = Release|Any CPU
		{EA54E38F-F03A-4606-B8E2-8ACDCEC0583B}.Release|x86.ActiveCfg = Release|Any CPU
		{EA54E38F-F03A-4606-B8E2-8ACDCEC0583B}.Release|x86.Build.0 = Release|Any CPU
		{9AC2106C-7467-4F8C-80D6-E3A3DF5D9BC3}.Debug|Any CPU.ActiveCfg = Debug|Any CPU
		{9AC2106C-7467-4F8C-80D6-E3A3DF5D9BC3}.Debug|Any CPU.Build.0 = Debug|Any CPU
		{9AC2106C-7467-4F8C-80D6-E3A3DF5D9BC3}.Debug|x64.ActiveCfg = Debug|Any CPU
		{9AC2106C-7467-4F8C-80D6-E3A3DF5D9BC3}.Debug|x64.Build.0 = Debug|Any CPU
		{9AC2106C-7467-4F8C-80D6-E3A3DF5D9BC3}.Debug|x86.ActiveCfg = Debug|Any CPU
		{9AC2106C-7467-4F8C-80D6-E3A3DF5D9BC3}.Debug|x86.Build.0 = Debug|Any CPU
		{9AC2106C-7467-4F8C-80D6-E3A3DF5D9BC3}.Release|Any CPU.ActiveCfg = Release|Any CPU
		{9AC2106C-7467-4F8C-80D6-E3A3DF5D9BC3}.Release|Any CPU.Build.0 = Release|Any CPU
		{9AC2106C-7467-4F8C-80D6-E3A3DF5D9BC3}.Release|x64.ActiveCfg = Release|Any CPU
		{9AC2106C-7467-4F8C-80D6-E3A3DF5D9BC3}.Release|x64.Build.0 = Release|Any CPU
		{9AC2106C-7467-4F8C-80D6-E3A3DF5D9BC3}.Release|x86.ActiveCfg = Release|Any CPU
		{9AC2106C-7467-4F8C-80D6-E3A3DF5D9BC3}.Release|x86.Build.0 = Release|Any CPU
		{A5F9323D-EEBE-483A-95A3-1E4EAB3F61EA}.Debug|Any CPU.ActiveCfg = Debug|Any CPU
		{A5F9323D-EEBE-483A-95A3-1E4EAB3F61EA}.Debug|Any CPU.Build.0 = Debug|Any CPU
		{A5F9323D-EEBE-483A-95A3-1E4EAB3F61EA}.Debug|x64.ActiveCfg = Debug|Any CPU
		{A5F9323D-EEBE-483A-95A3-1E4EAB3F61EA}.Debug|x64.Build.0 = Debug|Any CPU
		{A5F9323D-EEBE-483A-95A3-1E4EAB3F61EA}.Debug|x86.ActiveCfg = Debug|Any CPU
		{A5F9323D-EEBE-483A-95A3-1E4EAB3F61EA}.Debug|x86.Build.0 = Debug|Any CPU
		{A5F9323D-EEBE-483A-95A3-1E4EAB3F61EA}.Release|Any CPU.ActiveCfg = Release|Any CPU
		{A5F9323D-EEBE-483A-95A3-1E4EAB3F61EA}.Release|Any CPU.Build.0 = Release|Any CPU
		{A5F9323D-EEBE-483A-95A3-1E4EAB3F61EA}.Release|x64.ActiveCfg = Release|Any CPU
		{A5F9323D-EEBE-483A-95A3-1E4EAB3F61EA}.Release|x64.Build.0 = Release|Any CPU
		{A5F9323D-EEBE-483A-95A3-1E4EAB3F61EA}.Release|x86.ActiveCfg = Release|Any CPU
		{A5F9323D-EEBE-483A-95A3-1E4EAB3F61EA}.Release|x86.Build.0 = Release|Any CPU
		{4B6277ED-1F29-42C1-9AB0-D0D29B77D674}.Debug|Any CPU.ActiveCfg = Debug|Any CPU
		{4B6277ED-1F29-42C1-9AB0-D0D29B77D674}.Debug|Any CPU.Build.0 = Debug|Any CPU
		{4B6277ED-1F29-42C1-9AB0-D0D29B77D674}.Debug|x64.ActiveCfg = Debug|Any CPU
		{4B6277ED-1F29-42C1-9AB0-D0D29B77D674}.Debug|x64.Build.0 = Debug|Any CPU
		{4B6277ED-1F29-42C1-9AB0-D0D29B77D674}.Debug|x86.ActiveCfg = Debug|Any CPU
		{4B6277ED-1F29-42C1-9AB0-D0D29B77D674}.Debug|x86.Build.0 = Debug|Any CPU
		{4B6277ED-1F29-42C1-9AB0-D0D29B77D674}.Release|Any CPU.ActiveCfg = Release|Any CPU
		{4B6277ED-1F29-42C1-9AB0-D0D29B77D674}.Release|Any CPU.Build.0 = Release|Any CPU
		{4B6277ED-1F29-42C1-9AB0-D0D29B77D674}.Release|x64.ActiveCfg = Release|Any CPU
		{4B6277ED-1F29-42C1-9AB0-D0D29B77D674}.Release|x64.Build.0 = Release|Any CPU
		{4B6277ED-1F29-42C1-9AB0-D0D29B77D674}.Release|x86.ActiveCfg = Release|Any CPU
		{4B6277ED-1F29-42C1-9AB0-D0D29B77D674}.Release|x86.Build.0 = Release|Any CPU
		{1B58EF22-6B53-4546-BD74-3C5219A574F1}.Debug|Any CPU.ActiveCfg = Debug|Any CPU
		{1B58EF22-6B53-4546-BD74-3C5219A574F1}.Debug|Any CPU.Build.0 = Debug|Any CPU
		{1B58EF22-6B53-4546-BD74-3C5219A574F1}.Debug|x64.ActiveCfg = Debug|Any CPU
		{1B58EF22-6B53-4546-BD74-3C5219A574F1}.Debug|x64.Build.0 = Debug|Any CPU
		{1B58EF22-6B53-4546-BD74-3C5219A574F1}.Debug|x86.ActiveCfg = Debug|Any CPU
		{1B58EF22-6B53-4546-BD74-3C5219A574F1}.Debug|x86.Build.0 = Debug|Any CPU
		{1B58EF22-6B53-4546-BD74-3C5219A574F1}.Release|Any CPU.ActiveCfg = Release|Any CPU
		{1B58EF22-6B53-4546-BD74-3C5219A574F1}.Release|Any CPU.Build.0 = Release|Any CPU
		{1B58EF22-6B53-4546-BD74-3C5219A574F1}.Release|x64.ActiveCfg = Release|Any CPU
		{1B58EF22-6B53-4546-BD74-3C5219A574F1}.Release|x64.Build.0 = Release|Any CPU
		{1B58EF22-6B53-4546-BD74-3C5219A574F1}.Release|x86.ActiveCfg = Release|Any CPU
		{1B58EF22-6B53-4546-BD74-3C5219A574F1}.Release|x86.Build.0 = Release|Any CPU
		{078DE56D-0BDA-4AC0-8722-0D6FFA5F8A36}.Debug|Any CPU.ActiveCfg = Debug|Any CPU
		{078DE56D-0BDA-4AC0-8722-0D6FFA5F8A36}.Debug|Any CPU.Build.0 = Debug|Any CPU
		{078DE56D-0BDA-4AC0-8722-0D6FFA5F8A36}.Debug|x64.ActiveCfg = Debug|Any CPU
		{078DE56D-0BDA-4AC0-8722-0D6FFA5F8A36}.Debug|x64.Build.0 = Debug|Any CPU
		{078DE56D-0BDA-4AC0-8722-0D6FFA5F8A36}.Debug|x86.ActiveCfg = Debug|Any CPU
		{078DE56D-0BDA-4AC0-8722-0D6FFA5F8A36}.Debug|x86.Build.0 = Debug|Any CPU
		{078DE56D-0BDA-4AC0-8722-0D6FFA5F8A36}.Release|Any CPU.ActiveCfg = Release|Any CPU
		{078DE56D-0BDA-4AC0-8722-0D6FFA5F8A36}.Release|Any CPU.Build.0 = Release|Any CPU
		{078DE56D-0BDA-4AC0-8722-0D6FFA5F8A36}.Release|x64.ActiveCfg = Release|Any CPU
		{078DE56D-0BDA-4AC0-8722-0D6FFA5F8A36}.Release|x64.Build.0 = Release|Any CPU
		{078DE56D-0BDA-4AC0-8722-0D6FFA5F8A36}.Release|x86.ActiveCfg = Release|Any CPU
		{078DE56D-0BDA-4AC0-8722-0D6FFA5F8A36}.Release|x86.Build.0 = Release|Any CPU
		{028D1115-E688-4E18-938D-DAB534C5BFBF}.Debug|Any CPU.ActiveCfg = Debug|Any CPU
		{028D1115-E688-4E18-938D-DAB534C5BFBF}.Debug|Any CPU.Build.0 = Debug|Any CPU
		{028D1115-E688-4E18-938D-DAB534C5BFBF}.Debug|x64.ActiveCfg = Debug|Any CPU
		{028D1115-E688-4E18-938D-DAB534C5BFBF}.Debug|x64.Build.0 = Debug|Any CPU
		{028D1115-E688-4E18-938D-DAB534C5BFBF}.Debug|x86.ActiveCfg = Debug|Any CPU
		{028D1115-E688-4E18-938D-DAB534C5BFBF}.Debug|x86.Build.0 = Debug|Any CPU
		{028D1115-E688-4E18-938D-DAB534C5BFBF}.Release|Any CPU.ActiveCfg = Release|Any CPU
		{028D1115-E688-4E18-938D-DAB534C5BFBF}.Release|Any CPU.Build.0 = Release|Any CPU
		{028D1115-E688-4E18-938D-DAB534C5BFBF}.Release|x64.ActiveCfg = Release|Any CPU
		{028D1115-E688-4E18-938D-DAB534C5BFBF}.Release|x64.Build.0 = Release|Any CPU
		{028D1115-E688-4E18-938D-DAB534C5BFBF}.Release|x86.ActiveCfg = Release|Any CPU
		{028D1115-E688-4E18-938D-DAB534C5BFBF}.Release|x86.Build.0 = Release|Any CPU
		{FD180A55-14AC-42D0-8D43-55E7DF03E113}.Debug|Any CPU.ActiveCfg = Debug|Any CPU
		{FD180A55-14AC-42D0-8D43-55E7DF03E113}.Debug|Any CPU.Build.0 = Debug|Any CPU
		{FD180A55-14AC-42D0-8D43-55E7DF03E113}.Debug|x64.ActiveCfg = Debug|Any CPU
		{FD180A55-14AC-42D0-8D43-55E7DF03E113}.Debug|x64.Build.0 = Debug|Any CPU
		{FD180A55-14AC-42D0-8D43-55E7DF03E113}.Debug|x86.ActiveCfg = Debug|Any CPU
		{FD180A55-14AC-42D0-8D43-55E7DF03E113}.Debug|x86.Build.0 = Debug|Any CPU
		{FD180A55-14AC-42D0-8D43-55E7DF03E113}.Release|Any CPU.ActiveCfg = Release|Any CPU
		{FD180A55-14AC-42D0-8D43-55E7DF03E113}.Release|Any CPU.Build.0 = Release|Any CPU
		{FD180A55-14AC-42D0-8D43-55E7DF03E113}.Release|x64.ActiveCfg = Release|Any CPU
		{FD180A55-14AC-42D0-8D43-55E7DF03E113}.Release|x64.Build.0 = Release|Any CPU
		{FD180A55-14AC-42D0-8D43-55E7DF03E113}.Release|x86.ActiveCfg = Release|Any CPU
		{FD180A55-14AC-42D0-8D43-55E7DF03E113}.Release|x86.Build.0 = Release|Any CPU
		{A051908A-A32C-437D-9E8F-57A2A6048689}.Debug|Any CPU.ActiveCfg = Debug|Any CPU
		{A051908A-A32C-437D-9E8F-57A2A6048689}.Debug|Any CPU.Build.0 = Debug|Any CPU
		{A051908A-A32C-437D-9E8F-57A2A6048689}.Debug|x64.ActiveCfg = Debug|Any CPU
		{A051908A-A32C-437D-9E8F-57A2A6048689}.Debug|x64.Build.0 = Debug|Any CPU
		{A051908A-A32C-437D-9E8F-57A2A6048689}.Debug|x86.ActiveCfg = Debug|Any CPU
		{A051908A-A32C-437D-9E8F-57A2A6048689}.Debug|x86.Build.0 = Debug|Any CPU
		{A051908A-A32C-437D-9E8F-57A2A6048689}.Release|Any CPU.ActiveCfg = Release|Any CPU
		{A051908A-A32C-437D-9E8F-57A2A6048689}.Release|Any CPU.Build.0 = Release|Any CPU
		{A051908A-A32C-437D-9E8F-57A2A6048689}.Release|x64.ActiveCfg = Release|Any CPU
		{A051908A-A32C-437D-9E8F-57A2A6048689}.Release|x64.Build.0 = Release|Any CPU
		{A051908A-A32C-437D-9E8F-57A2A6048689}.Release|x86.ActiveCfg = Release|Any CPU
		{A051908A-A32C-437D-9E8F-57A2A6048689}.Release|x86.Build.0 = Release|Any CPU
		{F0648D67-A705-4B45-AF23-47FCFDE552F4}.Debug|Any CPU.ActiveCfg = Debug|Any CPU
		{F0648D67-A705-4B45-AF23-47FCFDE552F4}.Debug|Any CPU.Build.0 = Debug|Any CPU
		{F0648D67-A705-4B45-AF23-47FCFDE552F4}.Debug|x64.ActiveCfg = Debug|Any CPU
		{F0648D67-A705-4B45-AF23-47FCFDE552F4}.Debug|x64.Build.0 = Debug|Any CPU
		{F0648D67-A705-4B45-AF23-47FCFDE552F4}.Debug|x86.ActiveCfg = Debug|Any CPU
		{F0648D67-A705-4B45-AF23-47FCFDE552F4}.Debug|x86.Build.0 = Debug|Any CPU
		{F0648D67-A705-4B45-AF23-47FCFDE552F4}.Release|Any CPU.ActiveCfg = Release|Any CPU
		{F0648D67-A705-4B45-AF23-47FCFDE552F4}.Release|Any CPU.Build.0 = Release|Any CPU
		{F0648D67-A705-4B45-AF23-47FCFDE552F4}.Release|x64.ActiveCfg = Release|Any CPU
		{F0648D67-A705-4B45-AF23-47FCFDE552F4}.Release|x64.Build.0 = Release|Any CPU
		{F0648D67-A705-4B45-AF23-47FCFDE552F4}.Release|x86.ActiveCfg = Release|Any CPU
		{F0648D67-A705-4B45-AF23-47FCFDE552F4}.Release|x86.Build.0 = Release|Any CPU
	EndGlobalSection
	GlobalSection(SolutionProperties) = preSolution
		HideSolutionNode = FALSE
	EndGlobalSection
	GlobalSection(NestedProjects) = preSolution
		{A356BDD1-5209-4C54-B88D-A75302B8959A} = {C6B5BC23-2D0A-47E3-8A96-DEA46F41821E}
		{375E0AE1-1A22-4AB8-AE82-21275573999B} = {C6B5BC23-2D0A-47E3-8A96-DEA46F41821E}
		{EA54E38F-F03A-4606-B8E2-8ACDCEC0583B} = {C6B5BC23-2D0A-47E3-8A96-DEA46F41821E}
		{9AC2106C-7467-4F8C-80D6-E3A3DF5D9BC3} = {C6B5BC23-2D0A-47E3-8A96-DEA46F41821E}
		{A5F9323D-EEBE-483A-95A3-1E4EAB3F61EA} = {C6B5BC23-2D0A-47E3-8A96-DEA46F41821E}
		{4B6277ED-1F29-42C1-9AB0-D0D29B77D674} = {C6B5BC23-2D0A-47E3-8A96-DEA46F41821E}
		{1B58EF22-6B53-4546-BD74-3C5219A574F1} = {5D833EA3-9CC8-435B-8594-17BE8493DA9A}
		{078DE56D-0BDA-4AC0-8722-0D6FFA5F8A36} = {C6B5BC23-2D0A-47E3-8A96-DEA46F41821E}
		{028D1115-E688-4E18-938D-DAB534C5BFBF} = {5D833EA3-9CC8-435B-8594-17BE8493DA9A}
		{FD180A55-14AC-42D0-8D43-55E7DF03E113} = {5D833EA3-9CC8-435B-8594-17BE8493DA9A}
		{A051908A-A32C-437D-9E8F-57A2A6048689} = {C6B5BC23-2D0A-47E3-8A96-DEA46F41821E}
		{F0648D67-A705-4B45-AF23-47FCFDE552F4} = {5D833EA3-9CC8-435B-8594-17BE8493DA9A}
	EndGlobalSection
	GlobalSection(ExtensibilityGlobals) = postSolution
		SolutionGuid = {6CF7899C-C159-466C-A5E3-27BC369D0D41}
	EndGlobalSection
EndGlobal
