
Microsoft Visual Studio Solution File, Format Version 12.00
# Visual Studio Version 17
VisualStudioVersion = 17.1.32210.238
MinimumVisualStudioVersion = 15.0.26124.0
Project("{9A19103F-16F7-4668-BE54-9A1E7A4F7556}") = "SME.SGP.Api", "src\SME.SGP.Api\SME.SGP.Api.csproj", "{A356BDD1-5209-4C54-B88D-A75302B8959A}"
EndProject
Project("{9A19103F-16F7-4668-BE54-9A1E7A4F7556}") = "SME.SGP.Aplicacao", "src\SME.SGP.Aplicacao\SME.SGP.Aplicacao.csproj", "{375E0AE1-1A22-4AB8-AE82-21275573999B}"
EndProject
Project("{9A19103F-16F7-4668-BE54-9A1E7A4F7556}") = "SME.SGP.Dados", "src\SME.SGP.Dados\SME.SGP.Dados.csproj", "{EA54E38F-F03A-4606-B8E2-8ACDCEC0583B}"
EndProject
Project("{9A19103F-16F7-4668-BE54-9A1E7A4F7556}") = "SME.SGP.Dominio", "src\SME.SGP.Dominio\SME.SGP.Dominio.csproj", "{9AC2106C-7467-4F8C-80D6-E3A3DF5D9BC3}"
EndProject
Project("{9A19103F-16F7-4668-BE54-9A1E7A4F7556}") = "SME.SGP.IoC", "src\SME.SGP.IoC\SME.SGP.IoC.csproj", "{4B6277ED-1F29-42C1-9AB0-D0D29B77D674}"
EndProject
Project("{2150E333-8FDC-42A3-9474-1A3956D46DE8}") = "src", "src", "{C6B5BC23-2D0A-47E3-8A96-DEA46F41821E}"
EndProject
Project("{2150E333-8FDC-42A3-9474-1A3956D46DE8}") = "teste", "teste", "{5D833EA3-9CC8-435B-8594-17BE8493DA9A}"
EndProject
Project("{9A19103F-16F7-4668-BE54-9A1E7A4F7556}") = "SME.SGP.Dominio.Interfaces", "src\SME.SGP.Dominio.Interfaces\SME.SGP.Dominio.Interfaces.csproj", "{078DE56D-0BDA-4AC0-8722-0D6FFA5F8A36}"
EndProject
Project("{9A19103F-16F7-4668-BE54-9A1E7A4F7556}") = "SME.SGP.Aplicacao.Teste", "teste\SME.SGP.Aplicacao.Teste\SME.SGP.Aplicacao.Teste.csproj", "{028D1115-E688-4E18-938D-DAB534C5BFBF}"
EndProject
Project("{9A19103F-16F7-4668-BE54-9A1E7A4F7556}") = "SME.SGP.Dominio.Teste", "teste\SME.SGP.Dominio.Teste\SME.SGP.Dominio.Teste.csproj", "{FD180A55-14AC-42D0-8D43-55E7DF03E113}"
EndProject
Project("{9A19103F-16F7-4668-BE54-9A1E7A4F7556}") = "SME.SGP.Infra", "src\SME.SGP.Infra\SME.SGP.Infra.csproj", "{C9B619C5-0FD0-4F67-8D4F-F7DFD25A6C7D}"
EndProject
Project("{9A19103F-16F7-4668-BE54-9A1E7A4F7556}") = "SME.SGP.Dominio.Servicos", "src\SME.SGP.Dominio.Servicos\SME.SGP.Dominio.Servicos.csproj", "{99E42486-B706-4D30-8525-244BF2A6EFA5}"
EndProject
Project("{9A19103F-16F7-4668-BE54-9A1E7A4F7556}") = "SME.SGP.Dominio.Servicos.Teste", "teste\SME.SGP.Dominio.Servicos.Teste\SME.SGP.Dominio.Servicos.Teste.csproj", "{3E400847-6110-4E4F-ABB7-F3001CD36F55}"
EndProject
Project("{2150E333-8FDC-42A3-9474-1A3956D46DE8}") = "Benchmarks", "Benchmarks", "{617DB83C-728F-437D-9CFB-21196BBE0566}"
EndProject
Project("{9A19103F-16F7-4668-BE54-9A1E7A4F7556}") = "SME.SGP.Benchmarks", "src\Benchmarks\SME.SGP.Benchmarks\SME.SGP.Benchmarks.csproj", "{6EB81BA0-A25D-47D5-B121-2E16D00B905C}"
EndProject
Project("{9A19103F-16F7-4668-BE54-9A1E7A4F7556}") = "SME.SGP.Worker.Rabbbit", "src\SME.SGP.Worker.Rabbbit\SME.SGP.Worker.Rabbbit.csproj", "{5D1E1816-8C8B-4FB8-87BA-0E5D84FACA9C}"
EndProject
Project("{9A19103F-16F7-4668-BE54-9A1E7A4F7556}") = "SME.SGP.Api.Teste", "SME.SGP.Api.Teste\SME.SGP.Api.Teste.csproj", "{E6205C78-70C7-4358-8450-4608AC2CA69E}"
EndProject
Project("{2150E333-8FDC-42A3-9474-1A3956D46DE8}") = "Workers", "Workers", "{4C4071FE-43E9-43D3-A876-DA10E4578788}"
EndProject
Project("{9A19103F-16F7-4668-BE54-9A1E7A4F7556}") = "SME.SGP.TesteIntegracao", "teste\SME.SGP.TesteIntegracao\SME.SGP.TesteIntegracao.csproj", "{CD867AA5-CB71-49E7-82C4-66DB1929B0CB}"
EndProject
Project("{9A19103F-16F7-4668-BE54-9A1E7A4F7556}") = "SME.SGP.AEE.Worker", "src\SME.SGP.AEE.Worker\SME.SGP.AEE.Worker.csproj", "{E5D11DF2-3B87-4420-83B9-9B6DDD468C0C}"
EndProject
Project("{9A19103F-16F7-4668-BE54-9A1E7A4F7556}") = "SME.SGP.Aula.Worker", "src\SME.SGP.Aula.Worker\SME.SGP.Aula.Worker.csproj", "{5E4FC408-E7BC-42E0-825A-58E226657BC0}"
EndProject
Project("{9A19103F-16F7-4668-BE54-9A1E7A4F7556}") = "SME.SGP.Fechamento.Worker", "src\SME.SGP.Fechamento.Worker\SME.SGP.Fechamento.Worker.csproj", "{3C3A498C-73F7-4A1A-909C-FDF19BBE9DF9}"
EndProject
Project("{9A19103F-16F7-4668-BE54-9A1E7A4F7556}") = "SME.SGP.Frequencia.Worker", "src\SME.SGP.Frequencia.Worker\SME.SGP.Frequencia.Worker.csproj", "{0578D075-2FB7-4DA6-AD38-B4F654AA8426}"
EndProject
Project("{9A19103F-16F7-4668-BE54-9A1E7A4F7556}") = "SME.SGP.Institucional.Worker", "src\SME.SGP.Institucional.Worker\SME.SGP.Institucional.Worker.csproj", "{25E2EF68-1862-4A18-B263-6B043F082747}"
EndProject
Project("{9A19103F-16F7-4668-BE54-9A1E7A4F7556}") = "SME.SGP.Pendencias.Worker", "src\SME.SGP.Pendencias.Worker\SME.SGP.Pendencias.Worker.csproj", "{254993A8-BBB0-4E33-9367-BA2AB692CC3C}"
EndProject
Project("{9A19103F-16F7-4668-BE54-9A1E7A4F7556}") = "SME.SGP.Avaliacao.Worker", "src\SME.SGP.Avaliacao.Worker\SME.SGP.Avaliacao.Worker.csproj", "{46AE75D4-A438-4890-8D20-F4EFF44D2908}"
EndProject
Project("{9A19103F-16F7-4668-BE54-9A1E7A4F7556}") = "SME.SGP.Auditoria.Worker", "src\SME.SGP.Auditoria.Worker\SME.SGP.Auditoria.Worker.csproj", "{0F88FEFD-95F3-4E97-B2D2-16D3C41AD5E3}"
EndProject
Project("{9A19103F-16F7-4668-BE54-9A1E7A4F7556}") = "SME.SGP.Notificacoes.Worker", "src\SME.SGP.Notificacoes.Worker\SME.SGP.Notificacoes.Worker.csproj", "{9D682D05-E48F-486A-BA6B-A59CE0D4399B}"
EndProject
Project("{2150E333-8FDC-42A3-9474-1A3956D46DE8}") = "Hub", "Hub", "{80C3FC7C-7757-4855-B2E1-34D8E5A5A912}"
EndProject
Project("{9A19103F-16F7-4668-BE54-9A1E7A4F7556}") = "SME.SGP.Notificacoes.Hub", "src\SME.SGP.Notificacoes.Hub\SME.SGP.Notificacoes.Hub.csproj", "{6C1C0815-6E89-4AD4-9260-112CCBCE1D3C}"
EndProject
Project("{9A19103F-16F7-4668-BE54-9A1E7A4F7556}") = "SME.SGP.Notificacoes.Hub.Interface", "src\SME.SGP.Notificacoes.Hub.Interface\SME.SGP.Notificacoes.Hub.Interface.csproj", "{2A4C34CB-12BF-4029-87D6-493D6D0D808C}"
EndProject
Project("{9A19103F-16F7-4668-BE54-9A1E7A4F7556}") = "SME.SGP.Dados.Cache", "src\SME.SGP.Dados.Cache\SME.SGP.Dados.Cache.csproj", "{774F6CA2-E651-4620-9CA1-51B70B159021}"
EndProject
Project("{9A19103F-16F7-4668-BE54-9A1E7A4F7556}") = "SME.SGP.Infra.Telemetria", "src\SME.SGP.Infra.Telemetria\SME.SGP.Infra.Telemetria.csproj", "{7A933833-7A22-4369-87D5-35D799E6BA5B}"
EndProject
Project("{9A19103F-16F7-4668-BE54-9A1E7A4F7556}") = "SME.SGP.Infra.Utilitarios", "src\SME.SGP.Infra.Utilitarios\SME.SGP.Infra.Utilitarios.csproj", "{94A9EFDB-20BF-4E75-989C-6BC97D1B8A54}"
EndProject
Project("{9A19103F-16F7-4668-BE54-9A1E7A4F7556}") = "SME.SGP.Infra.Consts", "src\SME.SGP.Infra.Consts\SME.SGP.Infra.Consts.csproj", "{60E4A839-0B19-487C-AB41-A6E8E94D5DFA}"
EndProject
Project("{9A19103F-16F7-4668-BE54-9A1E7A4F7556}") = "SME.SGP.Infra.Mensageria", "src\SME.SGP.Infra.Mensageria\SME.SGP.Infra.Mensageria.csproj", "{261930FF-9D42-4DF7-932A-480F3EF63B63}"
EndProject
Project("{9A19103F-16F7-4668-BE54-9A1E7A4F7556}") = "SME.SGP.Infra.Polly", "src\SME.SGP.Infra.Polly\SME.SGP.Infra.Polly.csproj", "{5A4B3F80-3F36-46F7-A29F-9258115472A8}"
EndProject
Project("{9A19103F-16F7-4668-BE54-9A1E7A4F7556}") = "SME.SGP.Dados.ElasticSearch", "src\SME.SGP.Dados.ElasticSearch\SME.SGP.Dados.ElasticSearch.csproj", "{D3D52418-FC42-4AE9-BECA-CEB520BAA15A}"
EndProject
Project("{9A19103F-16F7-4668-BE54-9A1E7A4F7556}") = "SME.SGP.Infra.ElasticSearch", "src\SME.SGP.Infra.ElasticSearch\SME.SGP.Infra.ElasticSearch.csproj", "{C40AD4D4-59C5-424D-9CB6-3D347719BBA8}"
EndProject
Project("{9A19103F-16F7-4668-BE54-9A1E7A4F7556}") = "SME.SGP.Infra.HealthCheck", "src\SME.SGP.Infra.HealthCheck\SME.SGP.Infra.HealthCheck.csproj", "{F1F726C7-32AF-476B-8C81-8EFA76CBF425}"
EndProject
Project("{9A19103F-16F7-4668-BE54-9A1E7A4F7556}") = "SME.SGP.NAAPA.Worker", "src\SME.SGP.NAAPA.Worker\SME.SGP.NAAPA.Worker.csproj", "{F095F98C-34A3-473C-9E21-73A163037B5A}"
EndProject
Project("{9A19103F-16F7-4668-BE54-9A1E7A4F7556}") = "SME.SGP.ComprimirArquivos.Worker", "src\SME.SGP.ComprimirArquivos.Worker\SME.SGP.ComprimirArquivos.Worker.csproj", "{26527AFB-3150-4643-B240-83CBD7AABE9C}"
EndProject
Project("{9A19103F-16F7-4668-BE54-9A1E7A4F7556}") = "SME.SGP.TesteIntegracao.Aula", "teste\SME.SGP.TesteIntegracao.Aula\SME.SGP.TesteIntegracao.Aula.csproj", "{4822D241-3E14-477E-A613-1FEACE44D068}"
EndProject
Project("{9A19103F-16F7-4668-BE54-9A1E7A4F7556}") = "SME.SGP.TesteIntegracao.Pendencia", "teste\SME.SGP.TesteIntegracao.Pendencia\SME.SGP.TesteIntegracao.Pendencia.csproj", "{5ADA3A8B-4191-48CD-8DF5-2ED880B01F39}"
EndProject
Project("{9A19103F-16F7-4668-BE54-9A1E7A4F7556}") = "SME.SGP.TesteIntegracao.Frequencia", "teste\SME.SGP.TesteIntegracao.Frequencia\SME.SGP.TesteIntegracao.Frequencia.csproj", "{210B39AD-8C2D-4F57-A4FF-C09AD6CA2582}"
EndProject
Project("{9A19103F-16F7-4668-BE54-9A1E7A4F7556}") = "SME.SGP.TesteIntegracao.Fechamento", "teste\SME.SGP.TesteIntegracao.Fechamento\SME.SGP.TesteIntegracao.Fechamento.csproj", "{C9FDF090-76F5-497F-B130-F716F90E2130}"
EndProject
Project("{9A19103F-16F7-4668-BE54-9A1E7A4F7556}") = "SME.SGP.TesteIntegracao.AEE", "teste\SME.SGP.TesteIntegracao.AEE\SME.SGP.TesteIntegracao.AEE.csproj", "{3B6C9407-4452-4A29-94A6-68EBEBFF7A84}"
EndProject
Project("{9A19103F-16F7-4668-BE54-9A1E7A4F7556}") = "SME.SGP.Core", "src\SME.SGP.Core\SME.SGP.Core.csproj", "{7FC12C35-EA78-4B3A-9E43-FE7DAA58D044}"
EndProject
Project("{FAE04EC0-301F-11D3-BF4B-00C04F79EFBC}") = "SME.SGP.Metrica.Worker", "src\SME.SGP.Metrica.Worker\SME.SGP.Metrica.Worker.csproj", "{3D55BE32-DB24-4EC7-A671-42C7BB4469E1}"
EndProject
Project("{2150E333-8FDC-42A3-9474-1A3956D46DE8}") = "Solution Items", "Solution Items", "{02EA681E-C7D8-13C7-8484-4AC65E1B71E8}"
	ProjectSection(SolutionItems) = preProject
		.editorconfig = .editorconfig
	EndProjectSection
EndProject
Global
	GlobalSection(SolutionConfigurationPlatforms) = preSolution
		Debug|Any CPU = Debug|Any CPU
		Debug|x64 = Debug|x64
		Debug|x86 = Debug|x86
		Release|Any CPU = Release|Any CPU
		Release|x64 = Release|x64
		Release|x86 = Release|x86
	EndGlobalSection
	GlobalSection(ProjectConfigurationPlatforms) = postSolution
		{A356BDD1-5209-4C54-B88D-A75302B8959A}.Debug|Any CPU.ActiveCfg = Debug|Any CPU
		{A356BDD1-5209-4C54-B88D-A75302B8959A}.Debug|Any CPU.Build.0 = Debug|Any CPU
		{A356BDD1-5209-4C54-B88D-A75302B8959A}.Debug|x64.ActiveCfg = Debug|Any CPU
		{A356BDD1-5209-4C54-B88D-A75302B8959A}.Debug|x64.Build.0 = Debug|Any CPU
		{A356BDD1-5209-4C54-B88D-A75302B8959A}.Debug|x86.ActiveCfg = Debug|Any CPU
		{A356BDD1-5209-4C54-B88D-A75302B8959A}.Debug|x86.Build.0 = Debug|Any CPU
		{A356BDD1-5209-4C54-B88D-A75302B8959A}.Release|Any CPU.ActiveCfg = Release|Any CPU
		{A356BDD1-5209-4C54-B88D-A75302B8959A}.Release|Any CPU.Build.0 = Release|Any CPU
		{A356BDD1-5209-4C54-B88D-A75302B8959A}.Release|x64.ActiveCfg = Release|Any CPU
		{A356BDD1-5209-4C54-B88D-A75302B8959A}.Release|x64.Build.0 = Release|Any CPU
		{A356BDD1-5209-4C54-B88D-A75302B8959A}.Release|x86.ActiveCfg = Release|Any CPU
		{A356BDD1-5209-4C54-B88D-A75302B8959A}.Release|x86.Build.0 = Release|Any CPU
		{375E0AE1-1A22-4AB8-AE82-21275573999B}.Debug|Any CPU.ActiveCfg = Debug|Any CPU
		{375E0AE1-1A22-4AB8-AE82-21275573999B}.Debug|Any CPU.Build.0 = Debug|Any CPU
		{375E0AE1-1A22-4AB8-AE82-21275573999B}.Debug|x64.ActiveCfg = Debug|Any CPU
		{375E0AE1-1A22-4AB8-AE82-21275573999B}.Debug|x64.Build.0 = Debug|Any CPU
		{375E0AE1-1A22-4AB8-AE82-21275573999B}.Debug|x86.ActiveCfg = Debug|Any CPU
		{375E0AE1-1A22-4AB8-AE82-21275573999B}.Debug|x86.Build.0 = Debug|Any CPU
		{375E0AE1-1A22-4AB8-AE82-21275573999B}.Release|Any CPU.ActiveCfg = Release|Any CPU
		{375E0AE1-1A22-4AB8-AE82-21275573999B}.Release|Any CPU.Build.0 = Release|Any CPU
		{375E0AE1-1A22-4AB8-AE82-21275573999B}.Release|x64.ActiveCfg = Release|Any CPU
		{375E0AE1-1A22-4AB8-AE82-21275573999B}.Release|x64.Build.0 = Release|Any CPU
		{375E0AE1-1A22-4AB8-AE82-21275573999B}.Release|x86.ActiveCfg = Release|Any CPU
		{375E0AE1-1A22-4AB8-AE82-21275573999B}.Release|x86.Build.0 = Release|Any CPU
		{EA54E38F-F03A-4606-B8E2-8ACDCEC0583B}.Debug|Any CPU.ActiveCfg = Debug|Any CPU
		{EA54E38F-F03A-4606-B8E2-8ACDCEC0583B}.Debug|Any CPU.Build.0 = Debug|Any CPU
		{EA54E38F-F03A-4606-B8E2-8ACDCEC0583B}.Debug|x64.ActiveCfg = Debug|Any CPU
		{EA54E38F-F03A-4606-B8E2-8ACDCEC0583B}.Debug|x64.Build.0 = Debug|Any CPU
		{EA54E38F-F03A-4606-B8E2-8ACDCEC0583B}.Debug|x86.ActiveCfg = Debug|Any CPU
		{EA54E38F-F03A-4606-B8E2-8ACDCEC0583B}.Debug|x86.Build.0 = Debug|Any CPU
		{EA54E38F-F03A-4606-B8E2-8ACDCEC0583B}.Release|Any CPU.ActiveCfg = Release|Any CPU
		{EA54E38F-F03A-4606-B8E2-8ACDCEC0583B}.Release|Any CPU.Build.0 = Release|Any CPU
		{EA54E38F-F03A-4606-B8E2-8ACDCEC0583B}.Release|x64.ActiveCfg = Release|Any CPU
		{EA54E38F-F03A-4606-B8E2-8ACDCEC0583B}.Release|x64.Build.0 = Release|Any CPU
		{EA54E38F-F03A-4606-B8E2-8ACDCEC0583B}.Release|x86.ActiveCfg = Release|Any CPU
		{EA54E38F-F03A-4606-B8E2-8ACDCEC0583B}.Release|x86.Build.0 = Release|Any CPU
		{9AC2106C-7467-4F8C-80D6-E3A3DF5D9BC3}.Debug|Any CPU.ActiveCfg = Debug|Any CPU
		{9AC2106C-7467-4F8C-80D6-E3A3DF5D9BC3}.Debug|Any CPU.Build.0 = Debug|Any CPU
		{9AC2106C-7467-4F8C-80D6-E3A3DF5D9BC3}.Debug|x64.ActiveCfg = Debug|Any CPU
		{9AC2106C-7467-4F8C-80D6-E3A3DF5D9BC3}.Debug|x64.Build.0 = Debug|Any CPU
		{9AC2106C-7467-4F8C-80D6-E3A3DF5D9BC3}.Debug|x86.ActiveCfg = Debug|Any CPU
		{9AC2106C-7467-4F8C-80D6-E3A3DF5D9BC3}.Debug|x86.Build.0 = Debug|Any CPU
		{9AC2106C-7467-4F8C-80D6-E3A3DF5D9BC3}.Release|Any CPU.ActiveCfg = Release|Any CPU
		{9AC2106C-7467-4F8C-80D6-E3A3DF5D9BC3}.Release|Any CPU.Build.0 = Release|Any CPU
		{9AC2106C-7467-4F8C-80D6-E3A3DF5D9BC3}.Release|x64.ActiveCfg = Release|Any CPU
		{9AC2106C-7467-4F8C-80D6-E3A3DF5D9BC3}.Release|x64.Build.0 = Release|Any CPU
		{9AC2106C-7467-4F8C-80D6-E3A3DF5D9BC3}.Release|x86.ActiveCfg = Release|Any CPU
		{9AC2106C-7467-4F8C-80D6-E3A3DF5D9BC3}.Release|x86.Build.0 = Release|Any CPU
		{4B6277ED-1F29-42C1-9AB0-D0D29B77D674}.Debug|Any CPU.ActiveCfg = Debug|Any CPU
		{4B6277ED-1F29-42C1-9AB0-D0D29B77D674}.Debug|Any CPU.Build.0 = Debug|Any CPU
		{4B6277ED-1F29-42C1-9AB0-D0D29B77D674}.Debug|x64.ActiveCfg = Debug|Any CPU
		{4B6277ED-1F29-42C1-9AB0-D0D29B77D674}.Debug|x64.Build.0 = Debug|Any CPU
		{4B6277ED-1F29-42C1-9AB0-D0D29B77D674}.Debug|x86.ActiveCfg = Debug|Any CPU
		{4B6277ED-1F29-42C1-9AB0-D0D29B77D674}.Debug|x86.Build.0 = Debug|Any CPU
		{4B6277ED-1F29-42C1-9AB0-D0D29B77D674}.Release|Any CPU.ActiveCfg = Release|Any CPU
		{4B6277ED-1F29-42C1-9AB0-D0D29B77D674}.Release|Any CPU.Build.0 = Release|Any CPU
		{4B6277ED-1F29-42C1-9AB0-D0D29B77D674}.Release|x64.ActiveCfg = Release|Any CPU
		{4B6277ED-1F29-42C1-9AB0-D0D29B77D674}.Release|x64.Build.0 = Release|Any CPU
		{4B6277ED-1F29-42C1-9AB0-D0D29B77D674}.Release|x86.ActiveCfg = Release|Any CPU
		{4B6277ED-1F29-42C1-9AB0-D0D29B77D674}.Release|x86.Build.0 = Release|Any CPU
		{078DE56D-0BDA-4AC0-8722-0D6FFA5F8A36}.Debug|Any CPU.ActiveCfg = Debug|Any CPU
		{078DE56D-0BDA-4AC0-8722-0D6FFA5F8A36}.Debug|Any CPU.Build.0 = Debug|Any CPU
		{078DE56D-0BDA-4AC0-8722-0D6FFA5F8A36}.Debug|x64.ActiveCfg = Debug|Any CPU
		{078DE56D-0BDA-4AC0-8722-0D6FFA5F8A36}.Debug|x64.Build.0 = Debug|Any CPU
		{078DE56D-0BDA-4AC0-8722-0D6FFA5F8A36}.Debug|x86.ActiveCfg = Debug|Any CPU
		{078DE56D-0BDA-4AC0-8722-0D6FFA5F8A36}.Debug|x86.Build.0 = Debug|Any CPU
		{078DE56D-0BDA-4AC0-8722-0D6FFA5F8A36}.Release|Any CPU.ActiveCfg = Release|Any CPU
		{078DE56D-0BDA-4AC0-8722-0D6FFA5F8A36}.Release|Any CPU.Build.0 = Release|Any CPU
		{078DE56D-0BDA-4AC0-8722-0D6FFA5F8A36}.Release|x64.ActiveCfg = Release|Any CPU
		{078DE56D-0BDA-4AC0-8722-0D6FFA5F8A36}.Release|x64.Build.0 = Release|Any CPU
		{078DE56D-0BDA-4AC0-8722-0D6FFA5F8A36}.Release|x86.ActiveCfg = Release|Any CPU
		{078DE56D-0BDA-4AC0-8722-0D6FFA5F8A36}.Release|x86.Build.0 = Release|Any CPU
		{028D1115-E688-4E18-938D-DAB534C5BFBF}.Debug|Any CPU.ActiveCfg = Debug|Any CPU
		{028D1115-E688-4E18-938D-DAB534C5BFBF}.Debug|Any CPU.Build.0 = Debug|Any CPU
		{028D1115-E688-4E18-938D-DAB534C5BFBF}.Debug|x64.ActiveCfg = Debug|Any CPU
		{028D1115-E688-4E18-938D-DAB534C5BFBF}.Debug|x64.Build.0 = Debug|Any CPU
		{028D1115-E688-4E18-938D-DAB534C5BFBF}.Debug|x86.ActiveCfg = Debug|Any CPU
		{028D1115-E688-4E18-938D-DAB534C5BFBF}.Debug|x86.Build.0 = Debug|Any CPU
		{028D1115-E688-4E18-938D-DAB534C5BFBF}.Release|Any CPU.ActiveCfg = Release|Any CPU
		{028D1115-E688-4E18-938D-DAB534C5BFBF}.Release|Any CPU.Build.0 = Release|Any CPU
		{028D1115-E688-4E18-938D-DAB534C5BFBF}.Release|x64.ActiveCfg = Release|Any CPU
		{028D1115-E688-4E18-938D-DAB534C5BFBF}.Release|x64.Build.0 = Release|Any CPU
		{028D1115-E688-4E18-938D-DAB534C5BFBF}.Release|x86.ActiveCfg = Release|Any CPU
		{028D1115-E688-4E18-938D-DAB534C5BFBF}.Release|x86.Build.0 = Release|Any CPU
		{FD180A55-14AC-42D0-8D43-55E7DF03E113}.Debug|Any CPU.ActiveCfg = Debug|Any CPU
		{FD180A55-14AC-42D0-8D43-55E7DF03E113}.Debug|Any CPU.Build.0 = Debug|Any CPU
		{FD180A55-14AC-42D0-8D43-55E7DF03E113}.Debug|x64.ActiveCfg = Debug|Any CPU
		{FD180A55-14AC-42D0-8D43-55E7DF03E113}.Debug|x64.Build.0 = Debug|Any CPU
		{FD180A55-14AC-42D0-8D43-55E7DF03E113}.Debug|x86.ActiveCfg = Debug|Any CPU
		{FD180A55-14AC-42D0-8D43-55E7DF03E113}.Debug|x86.Build.0 = Debug|Any CPU
		{FD180A55-14AC-42D0-8D43-55E7DF03E113}.Release|Any CPU.ActiveCfg = Release|Any CPU
		{FD180A55-14AC-42D0-8D43-55E7DF03E113}.Release|Any CPU.Build.0 = Release|Any CPU
		{FD180A55-14AC-42D0-8D43-55E7DF03E113}.Release|x64.ActiveCfg = Release|Any CPU
		{FD180A55-14AC-42D0-8D43-55E7DF03E113}.Release|x64.Build.0 = Release|Any CPU
		{FD180A55-14AC-42D0-8D43-55E7DF03E113}.Release|x86.ActiveCfg = Release|Any CPU
		{FD180A55-14AC-42D0-8D43-55E7DF03E113}.Release|x86.Build.0 = Release|Any CPU
		{C9B619C5-0FD0-4F67-8D4F-F7DFD25A6C7D}.Debug|Any CPU.ActiveCfg = Debug|Any CPU
		{C9B619C5-0FD0-4F67-8D4F-F7DFD25A6C7D}.Debug|Any CPU.Build.0 = Debug|Any CPU
		{C9B619C5-0FD0-4F67-8D4F-F7DFD25A6C7D}.Debug|x64.ActiveCfg = Debug|Any CPU
		{C9B619C5-0FD0-4F67-8D4F-F7DFD25A6C7D}.Debug|x64.Build.0 = Debug|Any CPU
		{C9B619C5-0FD0-4F67-8D4F-F7DFD25A6C7D}.Debug|x86.ActiveCfg = Debug|Any CPU
		{C9B619C5-0FD0-4F67-8D4F-F7DFD25A6C7D}.Debug|x86.Build.0 = Debug|Any CPU
		{C9B619C5-0FD0-4F67-8D4F-F7DFD25A6C7D}.Release|Any CPU.ActiveCfg = Release|Any CPU
		{C9B619C5-0FD0-4F67-8D4F-F7DFD25A6C7D}.Release|Any CPU.Build.0 = Release|Any CPU
		{C9B619C5-0FD0-4F67-8D4F-F7DFD25A6C7D}.Release|x64.ActiveCfg = Release|Any CPU
		{C9B619C5-0FD0-4F67-8D4F-F7DFD25A6C7D}.Release|x64.Build.0 = Release|Any CPU
		{C9B619C5-0FD0-4F67-8D4F-F7DFD25A6C7D}.Release|x86.ActiveCfg = Release|Any CPU
		{C9B619C5-0FD0-4F67-8D4F-F7DFD25A6C7D}.Release|x86.Build.0 = Release|Any CPU
		{99E42486-B706-4D30-8525-244BF2A6EFA5}.Debug|Any CPU.ActiveCfg = Debug|Any CPU
		{99E42486-B706-4D30-8525-244BF2A6EFA5}.Debug|Any CPU.Build.0 = Debug|Any CPU
		{99E42486-B706-4D30-8525-244BF2A6EFA5}.Debug|x64.ActiveCfg = Debug|Any CPU
		{99E42486-B706-4D30-8525-244BF2A6EFA5}.Debug|x64.Build.0 = Debug|Any CPU
		{99E42486-B706-4D30-8525-244BF2A6EFA5}.Debug|x86.ActiveCfg = Debug|Any CPU
		{99E42486-B706-4D30-8525-244BF2A6EFA5}.Debug|x86.Build.0 = Debug|Any CPU
		{99E42486-B706-4D30-8525-244BF2A6EFA5}.Release|Any CPU.ActiveCfg = Release|Any CPU
		{99E42486-B706-4D30-8525-244BF2A6EFA5}.Release|Any CPU.Build.0 = Release|Any CPU
		{99E42486-B706-4D30-8525-244BF2A6EFA5}.Release|x64.ActiveCfg = Release|Any CPU
		{99E42486-B706-4D30-8525-244BF2A6EFA5}.Release|x64.Build.0 = Release|Any CPU
		{99E42486-B706-4D30-8525-244BF2A6EFA5}.Release|x86.ActiveCfg = Release|Any CPU
		{99E42486-B706-4D30-8525-244BF2A6EFA5}.Release|x86.Build.0 = Release|Any CPU
		{3E400847-6110-4E4F-ABB7-F3001CD36F55}.Debug|Any CPU.ActiveCfg = Debug|Any CPU
		{3E400847-6110-4E4F-ABB7-F3001CD36F55}.Debug|Any CPU.Build.0 = Debug|Any CPU
		{3E400847-6110-4E4F-ABB7-F3001CD36F55}.Debug|x64.ActiveCfg = Debug|Any CPU
		{3E400847-6110-4E4F-ABB7-F3001CD36F55}.Debug|x64.Build.0 = Debug|Any CPU
		{3E400847-6110-4E4F-ABB7-F3001CD36F55}.Debug|x86.ActiveCfg = Debug|Any CPU
		{3E400847-6110-4E4F-ABB7-F3001CD36F55}.Debug|x86.Build.0 = Debug|Any CPU
		{3E400847-6110-4E4F-ABB7-F3001CD36F55}.Release|Any CPU.ActiveCfg = Release|Any CPU
		{3E400847-6110-4E4F-ABB7-F3001CD36F55}.Release|Any CPU.Build.0 = Release|Any CPU
		{3E400847-6110-4E4F-ABB7-F3001CD36F55}.Release|x64.ActiveCfg = Release|Any CPU
		{3E400847-6110-4E4F-ABB7-F3001CD36F55}.Release|x64.Build.0 = Release|Any CPU
		{3E400847-6110-4E4F-ABB7-F3001CD36F55}.Release|x86.ActiveCfg = Release|Any CPU
		{3E400847-6110-4E4F-ABB7-F3001CD36F55}.Release|x86.Build.0 = Release|Any CPU
		{6EB81BA0-A25D-47D5-B121-2E16D00B905C}.Debug|Any CPU.ActiveCfg = Debug|Any CPU
		{6EB81BA0-A25D-47D5-B121-2E16D00B905C}.Debug|Any CPU.Build.0 = Debug|Any CPU
		{6EB81BA0-A25D-47D5-B121-2E16D00B905C}.Debug|x64.ActiveCfg = Debug|Any CPU
		{6EB81BA0-A25D-47D5-B121-2E16D00B905C}.Debug|x64.Build.0 = Debug|Any CPU
		{6EB81BA0-A25D-47D5-B121-2E16D00B905C}.Debug|x86.ActiveCfg = Debug|Any CPU
		{6EB81BA0-A25D-47D5-B121-2E16D00B905C}.Debug|x86.Build.0 = Debug|Any CPU
		{6EB81BA0-A25D-47D5-B121-2E16D00B905C}.Release|Any CPU.ActiveCfg = Release|Any CPU
		{6EB81BA0-A25D-47D5-B121-2E16D00B905C}.Release|Any CPU.Build.0 = Release|Any CPU
		{6EB81BA0-A25D-47D5-B121-2E16D00B905C}.Release|x64.ActiveCfg = Release|Any CPU
		{6EB81BA0-A25D-47D5-B121-2E16D00B905C}.Release|x64.Build.0 = Release|Any CPU
		{6EB81BA0-A25D-47D5-B121-2E16D00B905C}.Release|x86.ActiveCfg = Release|Any CPU
		{6EB81BA0-A25D-47D5-B121-2E16D00B905C}.Release|x86.Build.0 = Release|Any CPU
		{5D1E1816-8C8B-4FB8-87BA-0E5D84FACA9C}.Debug|Any CPU.ActiveCfg = Debug|Any CPU
		{5D1E1816-8C8B-4FB8-87BA-0E5D84FACA9C}.Debug|Any CPU.Build.0 = Debug|Any CPU
		{5D1E1816-8C8B-4FB8-87BA-0E5D84FACA9C}.Debug|x64.ActiveCfg = Debug|Any CPU
		{5D1E1816-8C8B-4FB8-87BA-0E5D84FACA9C}.Debug|x64.Build.0 = Debug|Any CPU
		{5D1E1816-8C8B-4FB8-87BA-0E5D84FACA9C}.Debug|x86.ActiveCfg = Debug|Any CPU
		{5D1E1816-8C8B-4FB8-87BA-0E5D84FACA9C}.Debug|x86.Build.0 = Debug|Any CPU
		{5D1E1816-8C8B-4FB8-87BA-0E5D84FACA9C}.Release|Any CPU.ActiveCfg = Release|Any CPU
		{5D1E1816-8C8B-4FB8-87BA-0E5D84FACA9C}.Release|Any CPU.Build.0 = Release|Any CPU
		{5D1E1816-8C8B-4FB8-87BA-0E5D84FACA9C}.Release|x64.ActiveCfg = Release|Any CPU
		{5D1E1816-8C8B-4FB8-87BA-0E5D84FACA9C}.Release|x64.Build.0 = Release|Any CPU
		{5D1E1816-8C8B-4FB8-87BA-0E5D84FACA9C}.Release|x86.ActiveCfg = Release|Any CPU
		{5D1E1816-8C8B-4FB8-87BA-0E5D84FACA9C}.Release|x86.Build.0 = Release|Any CPU
		{E6205C78-70C7-4358-8450-4608AC2CA69E}.Debug|Any CPU.ActiveCfg = Debug|Any CPU
		{E6205C78-70C7-4358-8450-4608AC2CA69E}.Debug|Any CPU.Build.0 = Debug|Any CPU
		{E6205C78-70C7-4358-8450-4608AC2CA69E}.Debug|x64.ActiveCfg = Debug|Any CPU
		{E6205C78-70C7-4358-8450-4608AC2CA69E}.Debug|x64.Build.0 = Debug|Any CPU
		{E6205C78-70C7-4358-8450-4608AC2CA69E}.Debug|x86.ActiveCfg = Debug|Any CPU
		{E6205C78-70C7-4358-8450-4608AC2CA69E}.Debug|x86.Build.0 = Debug|Any CPU
		{E6205C78-70C7-4358-8450-4608AC2CA69E}.Release|Any CPU.ActiveCfg = Release|Any CPU
		{E6205C78-70C7-4358-8450-4608AC2CA69E}.Release|Any CPU.Build.0 = Release|Any CPU
		{E6205C78-70C7-4358-8450-4608AC2CA69E}.Release|x64.ActiveCfg = Release|Any CPU
		{E6205C78-70C7-4358-8450-4608AC2CA69E}.Release|x64.Build.0 = Release|Any CPU
		{E6205C78-70C7-4358-8450-4608AC2CA69E}.Release|x86.ActiveCfg = Release|Any CPU
		{E6205C78-70C7-4358-8450-4608AC2CA69E}.Release|x86.Build.0 = Release|Any CPU
		{CD867AA5-CB71-49E7-82C4-66DB1929B0CB}.Debug|Any CPU.ActiveCfg = Debug|Any CPU
		{CD867AA5-CB71-49E7-82C4-66DB1929B0CB}.Debug|Any CPU.Build.0 = Debug|Any CPU
		{CD867AA5-CB71-49E7-82C4-66DB1929B0CB}.Debug|x64.ActiveCfg = Debug|Any CPU
		{CD867AA5-CB71-49E7-82C4-66DB1929B0CB}.Debug|x64.Build.0 = Debug|Any CPU
		{CD867AA5-CB71-49E7-82C4-66DB1929B0CB}.Debug|x86.ActiveCfg = Debug|Any CPU
		{CD867AA5-CB71-49E7-82C4-66DB1929B0CB}.Debug|x86.Build.0 = Debug|Any CPU
		{CD867AA5-CB71-49E7-82C4-66DB1929B0CB}.Release|Any CPU.ActiveCfg = Release|Any CPU
		{CD867AA5-CB71-49E7-82C4-66DB1929B0CB}.Release|Any CPU.Build.0 = Release|Any CPU
		{CD867AA5-CB71-49E7-82C4-66DB1929B0CB}.Release|x64.ActiveCfg = Release|Any CPU
		{CD867AA5-CB71-49E7-82C4-66DB1929B0CB}.Release|x64.Build.0 = Release|Any CPU
		{CD867AA5-CB71-49E7-82C4-66DB1929B0CB}.Release|x86.ActiveCfg = Release|Any CPU
		{CD867AA5-CB71-49E7-82C4-66DB1929B0CB}.Release|x86.Build.0 = Release|Any CPU
		{E5D11DF2-3B87-4420-83B9-9B6DDD468C0C}.Debug|Any CPU.ActiveCfg = Debug|Any CPU
		{E5D11DF2-3B87-4420-83B9-9B6DDD468C0C}.Debug|Any CPU.Build.0 = Debug|Any CPU
		{E5D11DF2-3B87-4420-83B9-9B6DDD468C0C}.Debug|x64.ActiveCfg = Debug|Any CPU
		{E5D11DF2-3B87-4420-83B9-9B6DDD468C0C}.Debug|x64.Build.0 = Debug|Any CPU
		{E5D11DF2-3B87-4420-83B9-9B6DDD468C0C}.Debug|x86.ActiveCfg = Debug|Any CPU
		{E5D11DF2-3B87-4420-83B9-9B6DDD468C0C}.Debug|x86.Build.0 = Debug|Any CPU
		{E5D11DF2-3B87-4420-83B9-9B6DDD468C0C}.Release|Any CPU.ActiveCfg = Release|Any CPU
		{E5D11DF2-3B87-4420-83B9-9B6DDD468C0C}.Release|Any CPU.Build.0 = Release|Any CPU
		{E5D11DF2-3B87-4420-83B9-9B6DDD468C0C}.Release|x64.ActiveCfg = Release|Any CPU
		{E5D11DF2-3B87-4420-83B9-9B6DDD468C0C}.Release|x64.Build.0 = Release|Any CPU
		{E5D11DF2-3B87-4420-83B9-9B6DDD468C0C}.Release|x86.ActiveCfg = Release|Any CPU
		{E5D11DF2-3B87-4420-83B9-9B6DDD468C0C}.Release|x86.Build.0 = Release|Any CPU
		{5E4FC408-E7BC-42E0-825A-58E226657BC0}.Debug|Any CPU.ActiveCfg = Debug|Any CPU
		{5E4FC408-E7BC-42E0-825A-58E226657BC0}.Debug|Any CPU.Build.0 = Debug|Any CPU
		{5E4FC408-E7BC-42E0-825A-58E226657BC0}.Debug|x64.ActiveCfg = Debug|Any CPU
		{5E4FC408-E7BC-42E0-825A-58E226657BC0}.Debug|x64.Build.0 = Debug|Any CPU
		{5E4FC408-E7BC-42E0-825A-58E226657BC0}.Debug|x86.ActiveCfg = Debug|Any CPU
		{5E4FC408-E7BC-42E0-825A-58E226657BC0}.Debug|x86.Build.0 = Debug|Any CPU
		{5E4FC408-E7BC-42E0-825A-58E226657BC0}.Release|Any CPU.ActiveCfg = Release|Any CPU
		{5E4FC408-E7BC-42E0-825A-58E226657BC0}.Release|Any CPU.Build.0 = Release|Any CPU
		{5E4FC408-E7BC-42E0-825A-58E226657BC0}.Release|x64.ActiveCfg = Release|Any CPU
		{5E4FC408-E7BC-42E0-825A-58E226657BC0}.Release|x64.Build.0 = Release|Any CPU
		{5E4FC408-E7BC-42E0-825A-58E226657BC0}.Release|x86.ActiveCfg = Release|Any CPU
		{5E4FC408-E7BC-42E0-825A-58E226657BC0}.Release|x86.Build.0 = Release|Any CPU
		{3C3A498C-73F7-4A1A-909C-FDF19BBE9DF9}.Debug|Any CPU.ActiveCfg = Debug|Any CPU
		{3C3A498C-73F7-4A1A-909C-FDF19BBE9DF9}.Debug|Any CPU.Build.0 = Debug|Any CPU
		{3C3A498C-73F7-4A1A-909C-FDF19BBE9DF9}.Debug|x64.ActiveCfg = Debug|Any CPU
		{3C3A498C-73F7-4A1A-909C-FDF19BBE9DF9}.Debug|x64.Build.0 = Debug|Any CPU
		{3C3A498C-73F7-4A1A-909C-FDF19BBE9DF9}.Debug|x86.ActiveCfg = Debug|Any CPU
		{3C3A498C-73F7-4A1A-909C-FDF19BBE9DF9}.Debug|x86.Build.0 = Debug|Any CPU
		{3C3A498C-73F7-4A1A-909C-FDF19BBE9DF9}.Release|Any CPU.ActiveCfg = Release|Any CPU
		{3C3A498C-73F7-4A1A-909C-FDF19BBE9DF9}.Release|Any CPU.Build.0 = Release|Any CPU
		{3C3A498C-73F7-4A1A-909C-FDF19BBE9DF9}.Release|x64.ActiveCfg = Release|Any CPU
		{3C3A498C-73F7-4A1A-909C-FDF19BBE9DF9}.Release|x64.Build.0 = Release|Any CPU
		{3C3A498C-73F7-4A1A-909C-FDF19BBE9DF9}.Release|x86.ActiveCfg = Release|Any CPU
		{3C3A498C-73F7-4A1A-909C-FDF19BBE9DF9}.Release|x86.Build.0 = Release|Any CPU
		{0578D075-2FB7-4DA6-AD38-B4F654AA8426}.Debug|Any CPU.ActiveCfg = Debug|Any CPU
		{0578D075-2FB7-4DA6-AD38-B4F654AA8426}.Debug|Any CPU.Build.0 = Debug|Any CPU
		{0578D075-2FB7-4DA6-AD38-B4F654AA8426}.Debug|x64.ActiveCfg = Debug|Any CPU
		{0578D075-2FB7-4DA6-AD38-B4F654AA8426}.Debug|x64.Build.0 = Debug|Any CPU
		{0578D075-2FB7-4DA6-AD38-B4F654AA8426}.Debug|x86.ActiveCfg = Debug|Any CPU
		{0578D075-2FB7-4DA6-AD38-B4F654AA8426}.Debug|x86.Build.0 = Debug|Any CPU
		{0578D075-2FB7-4DA6-AD38-B4F654AA8426}.Release|Any CPU.ActiveCfg = Release|Any CPU
		{0578D075-2FB7-4DA6-AD38-B4F654AA8426}.Release|Any CPU.Build.0 = Release|Any CPU
		{0578D075-2FB7-4DA6-AD38-B4F654AA8426}.Release|x64.ActiveCfg = Release|Any CPU
		{0578D075-2FB7-4DA6-AD38-B4F654AA8426}.Release|x64.Build.0 = Release|Any CPU
		{0578D075-2FB7-4DA6-AD38-B4F654AA8426}.Release|x86.ActiveCfg = Release|Any CPU
		{0578D075-2FB7-4DA6-AD38-B4F654AA8426}.Release|x86.Build.0 = Release|Any CPU
		{25E2EF68-1862-4A18-B263-6B043F082747}.Debug|Any CPU.ActiveCfg = Debug|Any CPU
		{25E2EF68-1862-4A18-B263-6B043F082747}.Debug|Any CPU.Build.0 = Debug|Any CPU
		{25E2EF68-1862-4A18-B263-6B043F082747}.Debug|x64.ActiveCfg = Debug|Any CPU
		{25E2EF68-1862-4A18-B263-6B043F082747}.Debug|x64.Build.0 = Debug|Any CPU
		{25E2EF68-1862-4A18-B263-6B043F082747}.Debug|x86.ActiveCfg = Debug|Any CPU
		{25E2EF68-1862-4A18-B263-6B043F082747}.Debug|x86.Build.0 = Debug|Any CPU
		{25E2EF68-1862-4A18-B263-6B043F082747}.Release|Any CPU.ActiveCfg = Release|Any CPU
		{25E2EF68-1862-4A18-B263-6B043F082747}.Release|Any CPU.Build.0 = Release|Any CPU
		{25E2EF68-1862-4A18-B263-6B043F082747}.Release|x64.ActiveCfg = Release|Any CPU
		{25E2EF68-1862-4A18-B263-6B043F082747}.Release|x64.Build.0 = Release|Any CPU
		{25E2EF68-1862-4A18-B263-6B043F082747}.Release|x86.ActiveCfg = Release|Any CPU
		{25E2EF68-1862-4A18-B263-6B043F082747}.Release|x86.Build.0 = Release|Any CPU
		{254993A8-BBB0-4E33-9367-BA2AB692CC3C}.Debug|Any CPU.ActiveCfg = Debug|Any CPU
		{254993A8-BBB0-4E33-9367-BA2AB692CC3C}.Debug|Any CPU.Build.0 = Debug|Any CPU
		{254993A8-BBB0-4E33-9367-BA2AB692CC3C}.Debug|x64.ActiveCfg = Debug|Any CPU
		{254993A8-BBB0-4E33-9367-BA2AB692CC3C}.Debug|x64.Build.0 = Debug|Any CPU
		{254993A8-BBB0-4E33-9367-BA2AB692CC3C}.Debug|x86.ActiveCfg = Debug|Any CPU
		{254993A8-BBB0-4E33-9367-BA2AB692CC3C}.Debug|x86.Build.0 = Debug|Any CPU
		{254993A8-BBB0-4E33-9367-BA2AB692CC3C}.Release|Any CPU.ActiveCfg = Release|Any CPU
		{254993A8-BBB0-4E33-9367-BA2AB692CC3C}.Release|Any CPU.Build.0 = Release|Any CPU
		{254993A8-BBB0-4E33-9367-BA2AB692CC3C}.Release|x64.ActiveCfg = Release|Any CPU
		{254993A8-BBB0-4E33-9367-BA2AB692CC3C}.Release|x64.Build.0 = Release|Any CPU
		{254993A8-BBB0-4E33-9367-BA2AB692CC3C}.Release|x86.ActiveCfg = Release|Any CPU
		{254993A8-BBB0-4E33-9367-BA2AB692CC3C}.Release|x86.Build.0 = Release|Any CPU
		{46AE75D4-A438-4890-8D20-F4EFF44D2908}.Debug|Any CPU.ActiveCfg = Debug|Any CPU
		{46AE75D4-A438-4890-8D20-F4EFF44D2908}.Debug|Any CPU.Build.0 = Debug|Any CPU
		{46AE75D4-A438-4890-8D20-F4EFF44D2908}.Debug|x64.ActiveCfg = Debug|Any CPU
		{46AE75D4-A438-4890-8D20-F4EFF44D2908}.Debug|x64.Build.0 = Debug|Any CPU
		{46AE75D4-A438-4890-8D20-F4EFF44D2908}.Debug|x86.ActiveCfg = Debug|Any CPU
		{46AE75D4-A438-4890-8D20-F4EFF44D2908}.Debug|x86.Build.0 = Debug|Any CPU
		{46AE75D4-A438-4890-8D20-F4EFF44D2908}.Release|Any CPU.ActiveCfg = Release|Any CPU
		{46AE75D4-A438-4890-8D20-F4EFF44D2908}.Release|Any CPU.Build.0 = Release|Any CPU
		{46AE75D4-A438-4890-8D20-F4EFF44D2908}.Release|x64.ActiveCfg = Release|Any CPU
		{46AE75D4-A438-4890-8D20-F4EFF44D2908}.Release|x64.Build.0 = Release|Any CPU
		{46AE75D4-A438-4890-8D20-F4EFF44D2908}.Release|x86.ActiveCfg = Release|Any CPU
		{46AE75D4-A438-4890-8D20-F4EFF44D2908}.Release|x86.Build.0 = Release|Any CPU
		{0F88FEFD-95F3-4E97-B2D2-16D3C41AD5E3}.Debug|Any CPU.ActiveCfg = Debug|Any CPU
		{0F88FEFD-95F3-4E97-B2D2-16D3C41AD5E3}.Debug|Any CPU.Build.0 = Debug|Any CPU
		{0F88FEFD-95F3-4E97-B2D2-16D3C41AD5E3}.Debug|x64.ActiveCfg = Debug|Any CPU
		{0F88FEFD-95F3-4E97-B2D2-16D3C41AD5E3}.Debug|x64.Build.0 = Debug|Any CPU
		{0F88FEFD-95F3-4E97-B2D2-16D3C41AD5E3}.Debug|x86.ActiveCfg = Debug|Any CPU
		{0F88FEFD-95F3-4E97-B2D2-16D3C41AD5E3}.Debug|x86.Build.0 = Debug|Any CPU
		{0F88FEFD-95F3-4E97-B2D2-16D3C41AD5E3}.Release|Any CPU.ActiveCfg = Release|Any CPU
		{0F88FEFD-95F3-4E97-B2D2-16D3C41AD5E3}.Release|Any CPU.Build.0 = Release|Any CPU
		{0F88FEFD-95F3-4E97-B2D2-16D3C41AD5E3}.Release|x64.ActiveCfg = Release|Any CPU
		{0F88FEFD-95F3-4E97-B2D2-16D3C41AD5E3}.Release|x64.Build.0 = Release|Any CPU
		{0F88FEFD-95F3-4E97-B2D2-16D3C41AD5E3}.Release|x86.ActiveCfg = Release|Any CPU
		{0F88FEFD-95F3-4E97-B2D2-16D3C41AD5E3}.Release|x86.Build.0 = Release|Any CPU
		{9D682D05-E48F-486A-BA6B-A59CE0D4399B}.Debug|Any CPU.ActiveCfg = Debug|Any CPU
		{9D682D05-E48F-486A-BA6B-A59CE0D4399B}.Debug|Any CPU.Build.0 = Debug|Any CPU
		{9D682D05-E48F-486A-BA6B-A59CE0D4399B}.Debug|x64.ActiveCfg = Debug|Any CPU
		{9D682D05-E48F-486A-BA6B-A59CE0D4399B}.Debug|x64.Build.0 = Debug|Any CPU
		{9D682D05-E48F-486A-BA6B-A59CE0D4399B}.Debug|x86.ActiveCfg = Debug|Any CPU
		{9D682D05-E48F-486A-BA6B-A59CE0D4399B}.Debug|x86.Build.0 = Debug|Any CPU
		{9D682D05-E48F-486A-BA6B-A59CE0D4399B}.Release|Any CPU.ActiveCfg = Release|Any CPU
		{9D682D05-E48F-486A-BA6B-A59CE0D4399B}.Release|Any CPU.Build.0 = Release|Any CPU
		{9D682D05-E48F-486A-BA6B-A59CE0D4399B}.Release|x64.ActiveCfg = Release|Any CPU
		{9D682D05-E48F-486A-BA6B-A59CE0D4399B}.Release|x64.Build.0 = Release|Any CPU
		{9D682D05-E48F-486A-BA6B-A59CE0D4399B}.Release|x86.ActiveCfg = Release|Any CPU
		{9D682D05-E48F-486A-BA6B-A59CE0D4399B}.Release|x86.Build.0 = Release|Any CPU
		{6C1C0815-6E89-4AD4-9260-112CCBCE1D3C}.Debug|Any CPU.ActiveCfg = Debug|Any CPU
		{6C1C0815-6E89-4AD4-9260-112CCBCE1D3C}.Debug|Any CPU.Build.0 = Debug|Any CPU
		{6C1C0815-6E89-4AD4-9260-112CCBCE1D3C}.Debug|x64.ActiveCfg = Debug|Any CPU
		{6C1C0815-6E89-4AD4-9260-112CCBCE1D3C}.Debug|x64.Build.0 = Debug|Any CPU
		{6C1C0815-6E89-4AD4-9260-112CCBCE1D3C}.Debug|x86.ActiveCfg = Debug|Any CPU
		{6C1C0815-6E89-4AD4-9260-112CCBCE1D3C}.Debug|x86.Build.0 = Debug|Any CPU
		{6C1C0815-6E89-4AD4-9260-112CCBCE1D3C}.Release|Any CPU.ActiveCfg = Release|Any CPU
		{6C1C0815-6E89-4AD4-9260-112CCBCE1D3C}.Release|Any CPU.Build.0 = Release|Any CPU
		{6C1C0815-6E89-4AD4-9260-112CCBCE1D3C}.Release|x64.ActiveCfg = Release|Any CPU
		{6C1C0815-6E89-4AD4-9260-112CCBCE1D3C}.Release|x64.Build.0 = Release|Any CPU
		{6C1C0815-6E89-4AD4-9260-112CCBCE1D3C}.Release|x86.ActiveCfg = Release|Any CPU
		{6C1C0815-6E89-4AD4-9260-112CCBCE1D3C}.Release|x86.Build.0 = Release|Any CPU
		{2A4C34CB-12BF-4029-87D6-493D6D0D808C}.Debug|Any CPU.ActiveCfg = Debug|Any CPU
		{2A4C34CB-12BF-4029-87D6-493D6D0D808C}.Debug|Any CPU.Build.0 = Debug|Any CPU
		{2A4C34CB-12BF-4029-87D6-493D6D0D808C}.Debug|x64.ActiveCfg = Debug|Any CPU
		{2A4C34CB-12BF-4029-87D6-493D6D0D808C}.Debug|x64.Build.0 = Debug|Any CPU
		{2A4C34CB-12BF-4029-87D6-493D6D0D808C}.Debug|x86.ActiveCfg = Debug|Any CPU
		{2A4C34CB-12BF-4029-87D6-493D6D0D808C}.Debug|x86.Build.0 = Debug|Any CPU
		{2A4C34CB-12BF-4029-87D6-493D6D0D808C}.Release|Any CPU.ActiveCfg = Release|Any CPU
		{2A4C34CB-12BF-4029-87D6-493D6D0D808C}.Release|Any CPU.Build.0 = Release|Any CPU
		{2A4C34CB-12BF-4029-87D6-493D6D0D808C}.Release|x64.ActiveCfg = Release|Any CPU
		{2A4C34CB-12BF-4029-87D6-493D6D0D808C}.Release|x64.Build.0 = Release|Any CPU
		{2A4C34CB-12BF-4029-87D6-493D6D0D808C}.Release|x86.ActiveCfg = Release|Any CPU
		{2A4C34CB-12BF-4029-87D6-493D6D0D808C}.Release|x86.Build.0 = Release|Any CPU
		{774F6CA2-E651-4620-9CA1-51B70B159021}.Debug|Any CPU.ActiveCfg = Debug|Any CPU
		{774F6CA2-E651-4620-9CA1-51B70B159021}.Debug|Any CPU.Build.0 = Debug|Any CPU
		{774F6CA2-E651-4620-9CA1-51B70B159021}.Debug|x64.ActiveCfg = Debug|Any CPU
		{774F6CA2-E651-4620-9CA1-51B70B159021}.Debug|x64.Build.0 = Debug|Any CPU
		{774F6CA2-E651-4620-9CA1-51B70B159021}.Debug|x86.ActiveCfg = Debug|Any CPU
		{774F6CA2-E651-4620-9CA1-51B70B159021}.Debug|x86.Build.0 = Debug|Any CPU
		{774F6CA2-E651-4620-9CA1-51B70B159021}.Release|Any CPU.ActiveCfg = Release|Any CPU
		{774F6CA2-E651-4620-9CA1-51B70B159021}.Release|Any CPU.Build.0 = Release|Any CPU
		{774F6CA2-E651-4620-9CA1-51B70B159021}.Release|x64.ActiveCfg = Release|Any CPU
		{774F6CA2-E651-4620-9CA1-51B70B159021}.Release|x64.Build.0 = Release|Any CPU
		{774F6CA2-E651-4620-9CA1-51B70B159021}.Release|x86.ActiveCfg = Release|Any CPU
		{774F6CA2-E651-4620-9CA1-51B70B159021}.Release|x86.Build.0 = Release|Any CPU
		{7A933833-7A22-4369-87D5-35D799E6BA5B}.Debug|Any CPU.ActiveCfg = Debug|Any CPU
		{7A933833-7A22-4369-87D5-35D799E6BA5B}.Debug|Any CPU.Build.0 = Debug|Any CPU
		{7A933833-7A22-4369-87D5-35D799E6BA5B}.Debug|x64.ActiveCfg = Debug|Any CPU
		{7A933833-7A22-4369-87D5-35D799E6BA5B}.Debug|x64.Build.0 = Debug|Any CPU
		{7A933833-7A22-4369-87D5-35D799E6BA5B}.Debug|x86.ActiveCfg = Debug|Any CPU
		{7A933833-7A22-4369-87D5-35D799E6BA5B}.Debug|x86.Build.0 = Debug|Any CPU
		{7A933833-7A22-4369-87D5-35D799E6BA5B}.Release|Any CPU.ActiveCfg = Release|Any CPU
		{7A933833-7A22-4369-87D5-35D799E6BA5B}.Release|Any CPU.Build.0 = Release|Any CPU
		{7A933833-7A22-4369-87D5-35D799E6BA5B}.Release|x64.ActiveCfg = Release|Any CPU
		{7A933833-7A22-4369-87D5-35D799E6BA5B}.Release|x64.Build.0 = Release|Any CPU
		{7A933833-7A22-4369-87D5-35D799E6BA5B}.Release|x86.ActiveCfg = Release|Any CPU
		{7A933833-7A22-4369-87D5-35D799E6BA5B}.Release|x86.Build.0 = Release|Any CPU
		{94A9EFDB-20BF-4E75-989C-6BC97D1B8A54}.Debug|Any CPU.ActiveCfg = Debug|Any CPU
		{94A9EFDB-20BF-4E75-989C-6BC97D1B8A54}.Debug|Any CPU.Build.0 = Debug|Any CPU
		{94A9EFDB-20BF-4E75-989C-6BC97D1B8A54}.Debug|x64.ActiveCfg = Debug|Any CPU
		{94A9EFDB-20BF-4E75-989C-6BC97D1B8A54}.Debug|x64.Build.0 = Debug|Any CPU
		{94A9EFDB-20BF-4E75-989C-6BC97D1B8A54}.Debug|x86.ActiveCfg = Debug|Any CPU
		{94A9EFDB-20BF-4E75-989C-6BC97D1B8A54}.Debug|x86.Build.0 = Debug|Any CPU
		{94A9EFDB-20BF-4E75-989C-6BC97D1B8A54}.Release|Any CPU.ActiveCfg = Release|Any CPU
		{94A9EFDB-20BF-4E75-989C-6BC97D1B8A54}.Release|Any CPU.Build.0 = Release|Any CPU
		{94A9EFDB-20BF-4E75-989C-6BC97D1B8A54}.Release|x64.ActiveCfg = Release|Any CPU
		{94A9EFDB-20BF-4E75-989C-6BC97D1B8A54}.Release|x64.Build.0 = Release|Any CPU
		{94A9EFDB-20BF-4E75-989C-6BC97D1B8A54}.Release|x86.ActiveCfg = Release|Any CPU
		{94A9EFDB-20BF-4E75-989C-6BC97D1B8A54}.Release|x86.Build.0 = Release|Any CPU
		{60E4A839-0B19-487C-AB41-A6E8E94D5DFA}.Debug|Any CPU.ActiveCfg = Debug|Any CPU
		{60E4A839-0B19-487C-AB41-A6E8E94D5DFA}.Debug|Any CPU.Build.0 = Debug|Any CPU
		{60E4A839-0B19-487C-AB41-A6E8E94D5DFA}.Debug|x64.ActiveCfg = Debug|Any CPU
		{60E4A839-0B19-487C-AB41-A6E8E94D5DFA}.Debug|x64.Build.0 = Debug|Any CPU
		{60E4A839-0B19-487C-AB41-A6E8E94D5DFA}.Debug|x86.ActiveCfg = Debug|Any CPU
		{60E4A839-0B19-487C-AB41-A6E8E94D5DFA}.Debug|x86.Build.0 = Debug|Any CPU
		{60E4A839-0B19-487C-AB41-A6E8E94D5DFA}.Release|Any CPU.ActiveCfg = Release|Any CPU
		{60E4A839-0B19-487C-AB41-A6E8E94D5DFA}.Release|Any CPU.Build.0 = Release|Any CPU
		{60E4A839-0B19-487C-AB41-A6E8E94D5DFA}.Release|x64.ActiveCfg = Release|Any CPU
		{60E4A839-0B19-487C-AB41-A6E8E94D5DFA}.Release|x64.Build.0 = Release|Any CPU
		{60E4A839-0B19-487C-AB41-A6E8E94D5DFA}.Release|x86.ActiveCfg = Release|Any CPU
		{60E4A839-0B19-487C-AB41-A6E8E94D5DFA}.Release|x86.Build.0 = Release|Any CPU
		{261930FF-9D42-4DF7-932A-480F3EF63B63}.Debug|Any CPU.ActiveCfg = Debug|Any CPU
		{261930FF-9D42-4DF7-932A-480F3EF63B63}.Debug|Any CPU.Build.0 = Debug|Any CPU
		{261930FF-9D42-4DF7-932A-480F3EF63B63}.Debug|x64.ActiveCfg = Debug|Any CPU
		{261930FF-9D42-4DF7-932A-480F3EF63B63}.Debug|x64.Build.0 = Debug|Any CPU
		{261930FF-9D42-4DF7-932A-480F3EF63B63}.Debug|x86.ActiveCfg = Debug|Any CPU
		{261930FF-9D42-4DF7-932A-480F3EF63B63}.Debug|x86.Build.0 = Debug|Any CPU
		{261930FF-9D42-4DF7-932A-480F3EF63B63}.Release|Any CPU.ActiveCfg = Release|Any CPU
		{261930FF-9D42-4DF7-932A-480F3EF63B63}.Release|Any CPU.Build.0 = Release|Any CPU
		{261930FF-9D42-4DF7-932A-480F3EF63B63}.Release|x64.ActiveCfg = Release|Any CPU
		{261930FF-9D42-4DF7-932A-480F3EF63B63}.Release|x64.Build.0 = Release|Any CPU
		{261930FF-9D42-4DF7-932A-480F3EF63B63}.Release|x86.ActiveCfg = Release|Any CPU
		{261930FF-9D42-4DF7-932A-480F3EF63B63}.Release|x86.Build.0 = Release|Any CPU
		{5A4B3F80-3F36-46F7-A29F-9258115472A8}.Debug|Any CPU.ActiveCfg = Debug|Any CPU
		{5A4B3F80-3F36-46F7-A29F-9258115472A8}.Debug|Any CPU.Build.0 = Debug|Any CPU
		{5A4B3F80-3F36-46F7-A29F-9258115472A8}.Debug|x64.ActiveCfg = Debug|Any CPU
		{5A4B3F80-3F36-46F7-A29F-9258115472A8}.Debug|x64.Build.0 = Debug|Any CPU
		{5A4B3F80-3F36-46F7-A29F-9258115472A8}.Debug|x86.ActiveCfg = Debug|Any CPU
		{5A4B3F80-3F36-46F7-A29F-9258115472A8}.Debug|x86.Build.0 = Debug|Any CPU
		{5A4B3F80-3F36-46F7-A29F-9258115472A8}.Release|Any CPU.ActiveCfg = Release|Any CPU
		{5A4B3F80-3F36-46F7-A29F-9258115472A8}.Release|Any CPU.Build.0 = Release|Any CPU
		{5A4B3F80-3F36-46F7-A29F-9258115472A8}.Release|x64.ActiveCfg = Release|Any CPU
		{5A4B3F80-3F36-46F7-A29F-9258115472A8}.Release|x64.Build.0 = Release|Any CPU
		{5A4B3F80-3F36-46F7-A29F-9258115472A8}.Release|x86.ActiveCfg = Release|Any CPU
		{5A4B3F80-3F36-46F7-A29F-9258115472A8}.Release|x86.Build.0 = Release|Any CPU
		{D3D52418-FC42-4AE9-BECA-CEB520BAA15A}.Debug|Any CPU.ActiveCfg = Debug|Any CPU
		{D3D52418-FC42-4AE9-BECA-CEB520BAA15A}.Debug|Any CPU.Build.0 = Debug|Any CPU
		{D3D52418-FC42-4AE9-BECA-CEB520BAA15A}.Debug|x64.ActiveCfg = Debug|Any CPU
		{D3D52418-FC42-4AE9-BECA-CEB520BAA15A}.Debug|x64.Build.0 = Debug|Any CPU
		{D3D52418-FC42-4AE9-BECA-CEB520BAA15A}.Debug|x86.ActiveCfg = Debug|Any CPU
		{D3D52418-FC42-4AE9-BECA-CEB520BAA15A}.Debug|x86.Build.0 = Debug|Any CPU
		{D3D52418-FC42-4AE9-BECA-CEB520BAA15A}.Release|Any CPU.ActiveCfg = Release|Any CPU
		{D3D52418-FC42-4AE9-BECA-CEB520BAA15A}.Release|Any CPU.Build.0 = Release|Any CPU
		{D3D52418-FC42-4AE9-BECA-CEB520BAA15A}.Release|x64.ActiveCfg = Release|Any CPU
		{D3D52418-FC42-4AE9-BECA-CEB520BAA15A}.Release|x64.Build.0 = Release|Any CPU
		{D3D52418-FC42-4AE9-BECA-CEB520BAA15A}.Release|x86.ActiveCfg = Release|Any CPU
		{D3D52418-FC42-4AE9-BECA-CEB520BAA15A}.Release|x86.Build.0 = Release|Any CPU
		{C40AD4D4-59C5-424D-9CB6-3D347719BBA8}.Debug|Any CPU.ActiveCfg = Debug|Any CPU
		{C40AD4D4-59C5-424D-9CB6-3D347719BBA8}.Debug|Any CPU.Build.0 = Debug|Any CPU
		{C40AD4D4-59C5-424D-9CB6-3D347719BBA8}.Debug|x64.ActiveCfg = Debug|Any CPU
		{C40AD4D4-59C5-424D-9CB6-3D347719BBA8}.Debug|x64.Build.0 = Debug|Any CPU
		{C40AD4D4-59C5-424D-9CB6-3D347719BBA8}.Debug|x86.ActiveCfg = Debug|Any CPU
		{C40AD4D4-59C5-424D-9CB6-3D347719BBA8}.Debug|x86.Build.0 = Debug|Any CPU
		{C40AD4D4-59C5-424D-9CB6-3D347719BBA8}.Release|Any CPU.ActiveCfg = Release|Any CPU
		{C40AD4D4-59C5-424D-9CB6-3D347719BBA8}.Release|Any CPU.Build.0 = Release|Any CPU
		{C40AD4D4-59C5-424D-9CB6-3D347719BBA8}.Release|x64.ActiveCfg = Release|Any CPU
		{C40AD4D4-59C5-424D-9CB6-3D347719BBA8}.Release|x64.Build.0 = Release|Any CPU
		{C40AD4D4-59C5-424D-9CB6-3D347719BBA8}.Release|x86.ActiveCfg = Release|Any CPU
		{C40AD4D4-59C5-424D-9CB6-3D347719BBA8}.Release|x86.Build.0 = Release|Any CPU
		{F1F726C7-32AF-476B-8C81-8EFA76CBF425}.Debug|Any CPU.ActiveCfg = Debug|Any CPU
		{F1F726C7-32AF-476B-8C81-8EFA76CBF425}.Debug|Any CPU.Build.0 = Debug|Any CPU
		{F1F726C7-32AF-476B-8C81-8EFA76CBF425}.Debug|x64.ActiveCfg = Debug|Any CPU
		{F1F726C7-32AF-476B-8C81-8EFA76CBF425}.Debug|x64.Build.0 = Debug|Any CPU
		{F1F726C7-32AF-476B-8C81-8EFA76CBF425}.Debug|x86.ActiveCfg = Debug|Any CPU
		{F1F726C7-32AF-476B-8C81-8EFA76CBF425}.Debug|x86.Build.0 = Debug|Any CPU
		{F1F726C7-32AF-476B-8C81-8EFA76CBF425}.Release|Any CPU.ActiveCfg = Release|Any CPU
		{F1F726C7-32AF-476B-8C81-8EFA76CBF425}.Release|Any CPU.Build.0 = Release|Any CPU
		{F1F726C7-32AF-476B-8C81-8EFA76CBF425}.Release|x64.ActiveCfg = Release|Any CPU
		{F1F726C7-32AF-476B-8C81-8EFA76CBF425}.Release|x64.Build.0 = Release|Any CPU
		{F1F726C7-32AF-476B-8C81-8EFA76CBF425}.Release|x86.ActiveCfg = Release|Any CPU
		{F1F726C7-32AF-476B-8C81-8EFA76CBF425}.Release|x86.Build.0 = Release|Any CPU
		{F095F98C-34A3-473C-9E21-73A163037B5A}.Debug|Any CPU.ActiveCfg = Debug|Any CPU
		{F095F98C-34A3-473C-9E21-73A163037B5A}.Debug|Any CPU.Build.0 = Debug|Any CPU
		{F095F98C-34A3-473C-9E21-73A163037B5A}.Debug|x64.ActiveCfg = Debug|Any CPU
		{F095F98C-34A3-473C-9E21-73A163037B5A}.Debug|x64.Build.0 = Debug|Any CPU
		{F095F98C-34A3-473C-9E21-73A163037B5A}.Debug|x86.ActiveCfg = Debug|Any CPU
		{F095F98C-34A3-473C-9E21-73A163037B5A}.Debug|x86.Build.0 = Debug|Any CPU
		{F095F98C-34A3-473C-9E21-73A163037B5A}.Release|Any CPU.ActiveCfg = Release|Any CPU
		{F095F98C-34A3-473C-9E21-73A163037B5A}.Release|Any CPU.Build.0 = Release|Any CPU
		{F095F98C-34A3-473C-9E21-73A163037B5A}.Release|x64.ActiveCfg = Release|Any CPU
		{F095F98C-34A3-473C-9E21-73A163037B5A}.Release|x64.Build.0 = Release|Any CPU
		{F095F98C-34A3-473C-9E21-73A163037B5A}.Release|x86.ActiveCfg = Release|Any CPU
		{F095F98C-34A3-473C-9E21-73A163037B5A}.Release|x86.Build.0 = Release|Any CPU
		{26527AFB-3150-4643-B240-83CBD7AABE9C}.Debug|Any CPU.ActiveCfg = Debug|Any CPU
		{26527AFB-3150-4643-B240-83CBD7AABE9C}.Debug|Any CPU.Build.0 = Debug|Any CPU
		{26527AFB-3150-4643-B240-83CBD7AABE9C}.Debug|x64.ActiveCfg = Debug|Any CPU
		{26527AFB-3150-4643-B240-83CBD7AABE9C}.Debug|x64.Build.0 = Debug|Any CPU
		{26527AFB-3150-4643-B240-83CBD7AABE9C}.Debug|x86.ActiveCfg = Debug|Any CPU
		{26527AFB-3150-4643-B240-83CBD7AABE9C}.Debug|x86.Build.0 = Debug|Any CPU
		{26527AFB-3150-4643-B240-83CBD7AABE9C}.Release|Any CPU.ActiveCfg = Release|Any CPU
		{26527AFB-3150-4643-B240-83CBD7AABE9C}.Release|Any CPU.Build.0 = Release|Any CPU
		{26527AFB-3150-4643-B240-83CBD7AABE9C}.Release|x64.ActiveCfg = Release|Any CPU
		{26527AFB-3150-4643-B240-83CBD7AABE9C}.Release|x64.Build.0 = Release|Any CPU
		{26527AFB-3150-4643-B240-83CBD7AABE9C}.Release|x86.ActiveCfg = Release|Any CPU
		{26527AFB-3150-4643-B240-83CBD7AABE9C}.Release|x86.Build.0 = Release|Any CPU
		{4822D241-3E14-477E-A613-1FEACE44D068}.Debug|Any CPU.ActiveCfg = Debug|Any CPU
		{4822D241-3E14-477E-A613-1FEACE44D068}.Debug|Any CPU.Build.0 = Debug|Any CPU
		{4822D241-3E14-477E-A613-1FEACE44D068}.Debug|x64.ActiveCfg = Debug|Any CPU
		{4822D241-3E14-477E-A613-1FEACE44D068}.Debug|x64.Build.0 = Debug|Any CPU
		{4822D241-3E14-477E-A613-1FEACE44D068}.Debug|x86.ActiveCfg = Debug|Any CPU
		{4822D241-3E14-477E-A613-1FEACE44D068}.Debug|x86.Build.0 = Debug|Any CPU
		{4822D241-3E14-477E-A613-1FEACE44D068}.Release|Any CPU.ActiveCfg = Release|Any CPU
		{4822D241-3E14-477E-A613-1FEACE44D068}.Release|Any CPU.Build.0 = Release|Any CPU
		{4822D241-3E14-477E-A613-1FEACE44D068}.Release|x64.ActiveCfg = Release|Any CPU
		{4822D241-3E14-477E-A613-1FEACE44D068}.Release|x64.Build.0 = Release|Any CPU
		{4822D241-3E14-477E-A613-1FEACE44D068}.Release|x86.ActiveCfg = Release|Any CPU
		{4822D241-3E14-477E-A613-1FEACE44D068}.Release|x86.Build.0 = Release|Any CPU
		{5ADA3A8B-4191-48CD-8DF5-2ED880B01F39}.Debug|Any CPU.ActiveCfg = Debug|Any CPU
		{5ADA3A8B-4191-48CD-8DF5-2ED880B01F39}.Debug|Any CPU.Build.0 = Debug|Any CPU
		{5ADA3A8B-4191-48CD-8DF5-2ED880B01F39}.Debug|x64.ActiveCfg = Debug|Any CPU
		{5ADA3A8B-4191-48CD-8DF5-2ED880B01F39}.Debug|x64.Build.0 = Debug|Any CPU
		{5ADA3A8B-4191-48CD-8DF5-2ED880B01F39}.Debug|x86.ActiveCfg = Debug|Any CPU
		{5ADA3A8B-4191-48CD-8DF5-2ED880B01F39}.Debug|x86.Build.0 = Debug|Any CPU
		{5ADA3A8B-4191-48CD-8DF5-2ED880B01F39}.Release|Any CPU.ActiveCfg = Release|Any CPU
		{5ADA3A8B-4191-48CD-8DF5-2ED880B01F39}.Release|Any CPU.Build.0 = Release|Any CPU
		{5ADA3A8B-4191-48CD-8DF5-2ED880B01F39}.Release|x64.ActiveCfg = Release|Any CPU
		{5ADA3A8B-4191-48CD-8DF5-2ED880B01F39}.Release|x64.Build.0 = Release|Any CPU
		{5ADA3A8B-4191-48CD-8DF5-2ED880B01F39}.Release|x86.ActiveCfg = Release|Any CPU
		{5ADA3A8B-4191-48CD-8DF5-2ED880B01F39}.Release|x86.Build.0 = Release|Any CPU
		{210B39AD-8C2D-4F57-A4FF-C09AD6CA2582}.Debug|Any CPU.ActiveCfg = Debug|Any CPU
		{210B39AD-8C2D-4F57-A4FF-C09AD6CA2582}.Debug|Any CPU.Build.0 = Debug|Any CPU
		{210B39AD-8C2D-4F57-A4FF-C09AD6CA2582}.Debug|x64.ActiveCfg = Debug|Any CPU
		{210B39AD-8C2D-4F57-A4FF-C09AD6CA2582}.Debug|x64.Build.0 = Debug|Any CPU
		{210B39AD-8C2D-4F57-A4FF-C09AD6CA2582}.Debug|x86.ActiveCfg = Debug|Any CPU
		{210B39AD-8C2D-4F57-A4FF-C09AD6CA2582}.Debug|x86.Build.0 = Debug|Any CPU
		{210B39AD-8C2D-4F57-A4FF-C09AD6CA2582}.Release|Any CPU.ActiveCfg = Release|Any CPU
		{210B39AD-8C2D-4F57-A4FF-C09AD6CA2582}.Release|Any CPU.Build.0 = Release|Any CPU
		{210B39AD-8C2D-4F57-A4FF-C09AD6CA2582}.Release|x64.ActiveCfg = Release|Any CPU
		{210B39AD-8C2D-4F57-A4FF-C09AD6CA2582}.Release|x64.Build.0 = Release|Any CPU
		{210B39AD-8C2D-4F57-A4FF-C09AD6CA2582}.Release|x86.ActiveCfg = Release|Any CPU
		{210B39AD-8C2D-4F57-A4FF-C09AD6CA2582}.Release|x86.Build.0 = Release|Any CPU
		{C9FDF090-76F5-497F-B130-F716F90E2130}.Debug|Any CPU.ActiveCfg = Debug|Any CPU
		{C9FDF090-76F5-497F-B130-F716F90E2130}.Debug|Any CPU.Build.0 = Debug|Any CPU
		{C9FDF090-76F5-497F-B130-F716F90E2130}.Debug|x64.ActiveCfg = Debug|Any CPU
		{C9FDF090-76F5-497F-B130-F716F90E2130}.Debug|x64.Build.0 = Debug|Any CPU
		{C9FDF090-76F5-497F-B130-F716F90E2130}.Debug|x86.ActiveCfg = Debug|Any CPU
		{C9FDF090-76F5-497F-B130-F716F90E2130}.Debug|x86.Build.0 = Debug|Any CPU
		{C9FDF090-76F5-497F-B130-F716F90E2130}.Release|Any CPU.ActiveCfg = Release|Any CPU
		{C9FDF090-76F5-497F-B130-F716F90E2130}.Release|Any CPU.Build.0 = Release|Any CPU
		{C9FDF090-76F5-497F-B130-F716F90E2130}.Release|x64.ActiveCfg = Release|Any CPU
		{C9FDF090-76F5-497F-B130-F716F90E2130}.Release|x64.Build.0 = Release|Any CPU
		{C9FDF090-76F5-497F-B130-F716F90E2130}.Release|x86.ActiveCfg = Release|Any CPU
		{C9FDF090-76F5-497F-B130-F716F90E2130}.Release|x86.Build.0 = Release|Any CPU
		{3B6C9407-4452-4A29-94A6-68EBEBFF7A84}.Debug|Any CPU.ActiveCfg = Debug|Any CPU
		{3B6C9407-4452-4A29-94A6-68EBEBFF7A84}.Debug|Any CPU.Build.0 = Debug|Any CPU
		{3B6C9407-4452-4A29-94A6-68EBEBFF7A84}.Debug|x64.ActiveCfg = Debug|Any CPU
		{3B6C9407-4452-4A29-94A6-68EBEBFF7A84}.Debug|x64.Build.0 = Debug|Any CPU
		{3B6C9407-4452-4A29-94A6-68EBEBFF7A84}.Debug|x86.ActiveCfg = Debug|Any CPU
		{3B6C9407-4452-4A29-94A6-68EBEBFF7A84}.Debug|x86.Build.0 = Debug|Any CPU
		{3B6C9407-4452-4A29-94A6-68EBEBFF7A84}.Release|Any CPU.ActiveCfg = Release|Any CPU
		{3B6C9407-4452-4A29-94A6-68EBEBFF7A84}.Release|Any CPU.Build.0 = Release|Any CPU
		{3B6C9407-4452-4A29-94A6-68EBEBFF7A84}.Release|x64.ActiveCfg = Release|Any CPU
		{3B6C9407-4452-4A29-94A6-68EBEBFF7A84}.Release|x64.Build.0 = Release|Any CPU
		{3B6C9407-4452-4A29-94A6-68EBEBFF7A84}.Release|x86.ActiveCfg = Release|Any CPU
		{3B6C9407-4452-4A29-94A6-68EBEBFF7A84}.Release|x86.Build.0 = Release|Any CPU
		{7FC12C35-EA78-4B3A-9E43-FE7DAA58D044}.Debug|Any CPU.ActiveCfg = Debug|Any CPU
		{7FC12C35-EA78-4B3A-9E43-FE7DAA58D044}.Debug|Any CPU.Build.0 = Debug|Any CPU
		{7FC12C35-EA78-4B3A-9E43-FE7DAA58D044}.Debug|x64.ActiveCfg = Debug|Any CPU
		{7FC12C35-EA78-4B3A-9E43-FE7DAA58D044}.Debug|x64.Build.0 = Debug|Any CPU
		{7FC12C35-EA78-4B3A-9E43-FE7DAA58D044}.Debug|x86.ActiveCfg = Debug|Any CPU
		{7FC12C35-EA78-4B3A-9E43-FE7DAA58D044}.Debug|x86.Build.0 = Debug|Any CPU
		{7FC12C35-EA78-4B3A-9E43-FE7DAA58D044}.Release|Any CPU.ActiveCfg = Release|Any CPU
		{7FC12C35-EA78-4B3A-9E43-FE7DAA58D044}.Release|Any CPU.Build.0 = Release|Any CPU
		{7FC12C35-EA78-4B3A-9E43-FE7DAA58D044}.Release|x64.ActiveCfg = Release|Any CPU
		{7FC12C35-EA78-4B3A-9E43-FE7DAA58D044}.Release|x64.Build.0 = Release|Any CPU
		{7FC12C35-EA78-4B3A-9E43-FE7DAA58D044}.Release|x86.ActiveCfg = Release|Any CPU
		{7FC12C35-EA78-4B3A-9E43-FE7DAA58D044}.Release|x86.Build.0 = Release|Any CPU
		{3D55BE32-DB24-4EC7-A671-42C7BB4469E1}.Debug|Any CPU.ActiveCfg = Debug|Any CPU
		{3D55BE32-DB24-4EC7-A671-42C7BB4469E1}.Debug|Any CPU.Build.0 = Debug|Any CPU
		{3D55BE32-DB24-4EC7-A671-42C7BB4469E1}.Debug|x64.ActiveCfg = Debug|Any CPU
		{3D55BE32-DB24-4EC7-A671-42C7BB4469E1}.Debug|x64.Build.0 = Debug|Any CPU
		{3D55BE32-DB24-4EC7-A671-42C7BB4469E1}.Debug|x86.ActiveCfg = Debug|Any CPU
		{3D55BE32-DB24-4EC7-A671-42C7BB4469E1}.Debug|x86.Build.0 = Debug|Any CPU
		{3D55BE32-DB24-4EC7-A671-42C7BB4469E1}.Release|Any CPU.ActiveCfg = Release|Any CPU
		{3D55BE32-DB24-4EC7-A671-42C7BB4469E1}.Release|Any CPU.Build.0 = Release|Any CPU
		{3D55BE32-DB24-4EC7-A671-42C7BB4469E1}.Release|x64.ActiveCfg = Release|Any CPU
		{3D55BE32-DB24-4EC7-A671-42C7BB4469E1}.Release|x64.Build.0 = Release|Any CPU
		{3D55BE32-DB24-4EC7-A671-42C7BB4469E1}.Release|x86.ActiveCfg = Release|Any CPU
		{3D55BE32-DB24-4EC7-A671-42C7BB4469E1}.Release|x86.Build.0 = Release|Any CPU
		{3BEDC214-0F5B-4BEF-91CC-05BD563B796E}.Debug|Any CPU.ActiveCfg = Debug|Any CPU
		{3BEDC214-0F5B-4BEF-91CC-05BD563B796E}.Debug|Any CPU.Build.0 = Debug|Any CPU
		{3BEDC214-0F5B-4BEF-91CC-05BD563B796E}.Debug|x64.ActiveCfg = Debug|Any CPU
		{3BEDC214-0F5B-4BEF-91CC-05BD563B796E}.Debug|x64.Build.0 = Debug|Any CPU
		{3BEDC214-0F5B-4BEF-91CC-05BD563B796E}.Debug|x86.ActiveCfg = Debug|Any CPU
		{3BEDC214-0F5B-4BEF-91CC-05BD563B796E}.Debug|x86.Build.0 = Debug|Any CPU
		{3BEDC214-0F5B-4BEF-91CC-05BD563B796E}.Release|Any CPU.ActiveCfg = Release|Any CPU
		{3BEDC214-0F5B-4BEF-91CC-05BD563B796E}.Release|Any CPU.Build.0 = Release|Any CPU
		{3BEDC214-0F5B-4BEF-91CC-05BD563B796E}.Release|x64.ActiveCfg = Release|Any CPU
		{3BEDC214-0F5B-4BEF-91CC-05BD563B796E}.Release|x64.Build.0 = Release|Any CPU
		{3BEDC214-0F5B-4BEF-91CC-05BD563B796E}.Release|x86.ActiveCfg = Release|Any CPU
		{3BEDC214-0F5B-4BEF-91CC-05BD563B796E}.Release|x86.Build.0 = Release|Any CPU
	EndGlobalSection
	GlobalSection(SolutionProperties) = preSolution
		HideSolutionNode = FALSE
	EndGlobalSection
	GlobalSection(NestedProjects) = preSolution
		{A356BDD1-5209-4C54-B88D-A75302B8959A} = {C6B5BC23-2D0A-47E3-8A96-DEA46F41821E}
		{375E0AE1-1A22-4AB8-AE82-21275573999B} = {C6B5BC23-2D0A-47E3-8A96-DEA46F41821E}
		{EA54E38F-F03A-4606-B8E2-8ACDCEC0583B} = {C6B5BC23-2D0A-47E3-8A96-DEA46F41821E}
		{9AC2106C-7467-4F8C-80D6-E3A3DF5D9BC3} = {C6B5BC23-2D0A-47E3-8A96-DEA46F41821E}
		{4B6277ED-1F29-42C1-9AB0-D0D29B77D674} = {C6B5BC23-2D0A-47E3-8A96-DEA46F41821E}
		{078DE56D-0BDA-4AC0-8722-0D6FFA5F8A36} = {C6B5BC23-2D0A-47E3-8A96-DEA46F41821E}
		{028D1115-E688-4E18-938D-DAB534C5BFBF} = {5D833EA3-9CC8-435B-8594-17BE8493DA9A}
		{FD180A55-14AC-42D0-8D43-55E7DF03E113} = {5D833EA3-9CC8-435B-8594-17BE8493DA9A}
		{C9B619C5-0FD0-4F67-8D4F-F7DFD25A6C7D} = {C6B5BC23-2D0A-47E3-8A96-DEA46F41821E}
		{99E42486-B706-4D30-8525-244BF2A6EFA5} = {C6B5BC23-2D0A-47E3-8A96-DEA46F41821E}
		{3E400847-6110-4E4F-ABB7-F3001CD36F55} = {5D833EA3-9CC8-435B-8594-17BE8493DA9A}
		{617DB83C-728F-437D-9CFB-21196BBE0566} = {C6B5BC23-2D0A-47E3-8A96-DEA46F41821E}
		{6EB81BA0-A25D-47D5-B121-2E16D00B905C} = {617DB83C-728F-437D-9CFB-21196BBE0566}
		{5D1E1816-8C8B-4FB8-87BA-0E5D84FACA9C} = {4C4071FE-43E9-43D3-A876-DA10E4578788}
		{E6205C78-70C7-4358-8450-4608AC2CA69E} = {5D833EA3-9CC8-435B-8594-17BE8493DA9A}
		{4C4071FE-43E9-43D3-A876-DA10E4578788} = {C6B5BC23-2D0A-47E3-8A96-DEA46F41821E}
		{CD867AA5-CB71-49E7-82C4-66DB1929B0CB} = {5D833EA3-9CC8-435B-8594-17BE8493DA9A}
		{E5D11DF2-3B87-4420-83B9-9B6DDD468C0C} = {4C4071FE-43E9-43D3-A876-DA10E4578788}
		{5E4FC408-E7BC-42E0-825A-58E226657BC0} = {4C4071FE-43E9-43D3-A876-DA10E4578788}
		{3C3A498C-73F7-4A1A-909C-FDF19BBE9DF9} = {4C4071FE-43E9-43D3-A876-DA10E4578788}
		{0578D075-2FB7-4DA6-AD38-B4F654AA8426} = {4C4071FE-43E9-43D3-A876-DA10E4578788}
		{25E2EF68-1862-4A18-B263-6B043F082747} = {4C4071FE-43E9-43D3-A876-DA10E4578788}
		{254993A8-BBB0-4E33-9367-BA2AB692CC3C} = {4C4071FE-43E9-43D3-A876-DA10E4578788}
		{46AE75D4-A438-4890-8D20-F4EFF44D2908} = {4C4071FE-43E9-43D3-A876-DA10E4578788}
		{0F88FEFD-95F3-4E97-B2D2-16D3C41AD5E3} = {4C4071FE-43E9-43D3-A876-DA10E4578788}
		{9D682D05-E48F-486A-BA6B-A59CE0D4399B} = {4C4071FE-43E9-43D3-A876-DA10E4578788}
		{80C3FC7C-7757-4855-B2E1-34D8E5A5A912} = {C6B5BC23-2D0A-47E3-8A96-DEA46F41821E}
		{6C1C0815-6E89-4AD4-9260-112CCBCE1D3C} = {80C3FC7C-7757-4855-B2E1-34D8E5A5A912}
		{2A4C34CB-12BF-4029-87D6-493D6D0D808C} = {80C3FC7C-7757-4855-B2E1-34D8E5A5A912}
		{774F6CA2-E651-4620-9CA1-51B70B159021} = {C6B5BC23-2D0A-47E3-8A96-DEA46F41821E}
		{7A933833-7A22-4369-87D5-35D799E6BA5B} = {C6B5BC23-2D0A-47E3-8A96-DEA46F41821E}
		{94A9EFDB-20BF-4E75-989C-6BC97D1B8A54} = {C6B5BC23-2D0A-47E3-8A96-DEA46F41821E}
		{60E4A839-0B19-487C-AB41-A6E8E94D5DFA} = {C6B5BC23-2D0A-47E3-8A96-DEA46F41821E}
		{261930FF-9D42-4DF7-932A-480F3EF63B63} = {C6B5BC23-2D0A-47E3-8A96-DEA46F41821E}
		{5A4B3F80-3F36-46F7-A29F-9258115472A8} = {C6B5BC23-2D0A-47E3-8A96-DEA46F41821E}
		{D3D52418-FC42-4AE9-BECA-CEB520BAA15A} = {C6B5BC23-2D0A-47E3-8A96-DEA46F41821E}
		{C40AD4D4-59C5-424D-9CB6-3D347719BBA8} = {C6B5BC23-2D0A-47E3-8A96-DEA46F41821E}
		{F1F726C7-32AF-476B-8C81-8EFA76CBF425} = {C6B5BC23-2D0A-47E3-8A96-DEA46F41821E}
		{F095F98C-34A3-473C-9E21-73A163037B5A} = {4C4071FE-43E9-43D3-A876-DA10E4578788}
		{26527AFB-3150-4643-B240-83CBD7AABE9C} = {4C4071FE-43E9-43D3-A876-DA10E4578788}
		{4822D241-3E14-477E-A613-1FEACE44D068} = {5D833EA3-9CC8-435B-8594-17BE8493DA9A}
		{5ADA3A8B-4191-48CD-8DF5-2ED880B01F39} = {5D833EA3-9CC8-435B-8594-17BE8493DA9A}
		{210B39AD-8C2D-4F57-A4FF-C09AD6CA2582} = {5D833EA3-9CC8-435B-8594-17BE8493DA9A}
		{C9FDF090-76F5-497F-B130-F716F90E2130} = {5D833EA3-9CC8-435B-8594-17BE8493DA9A}
		{3B6C9407-4452-4A29-94A6-68EBEBFF7A84} = {5D833EA3-9CC8-435B-8594-17BE8493DA9A}
		{7FC12C35-EA78-4B3A-9E43-FE7DAA58D044} = {C6B5BC23-2D0A-47E3-8A96-DEA46F41821E}
		{3D55BE32-DB24-4EC7-A671-42C7BB4469E1} = {4C4071FE-43E9-43D3-A876-DA10E4578788}
		{3BEDC214-0F5B-4BEF-91CC-05BD563B796E} = {4C4071FE-43E9-43D3-A876-DA10E4578788}
	EndGlobalSection
	GlobalSection(ExtensibilityGlobals) = postSolution
		SolutionGuid = {6CF7899C-C159-466C-A5E3-27BC369D0D41}
	EndGlobalSection
EndGlobal
